// !$*UTF8*$!
{
	archiveVersion = 1;
	classes = {
	};
	objectVersion = 46;
	objects = {

/* Begin PBXBuildFile section */
		2F5A38DC1E44551200BA0550 /* SwitchSettingCell.swift in Sources */ = {isa = PBXBuildFile; fileRef = 2F5A38DB1E44551200BA0550 /* SwitchSettingCell.swift */; };
		2F5A38E01E446FA100BA0550 /* SystemConfigHelper.swift in Sources */ = {isa = PBXBuildFile; fileRef = 2F5A38DF1E446FA100BA0550 /* SystemConfigHelper.swift */; };
		2F5A38E41E44A83700BA0550 /* InfoPlist.strings in Resources */ = {isa = PBXBuildFile; fileRef = 2F5A38E61E44A83700BA0550 /* InfoPlist.strings */; };
		2F5A38E91E44A83700BA0550 /* InfoPlist.strings in Resources */ = {isa = PBXBuildFile; fileRef = 2F5A38EB1E44A83700BA0550 /* InfoPlist.strings */; };
		2F5A38F51E44ACF700BA0550 /* TabOneScenes.storyboard in Resources */ = {isa = PBXBuildFile; fileRef = 2F5A38F71E44ACF700BA0550 /* TabOneScenes.storyboard */; };
		2F5A39041E44BBD500BA0550 /* NotificationCenter.framework in Frameworks */ = {isa = PBXBuildFile; fileRef = 2F5A39031E44BBD500BA0550 /* NotificationCenter.framework */; };
		2F5A39071E44BBD500BA0550 /* TodayViewController.swift in Sources */ = {isa = PBXBuildFile; fileRef = 2F5A39061E44BBD500BA0550 /* TodayViewController.swift */; };
		2F5A390A1E44BBD500BA0550 /* MainInterface.storyboard in Resources */ = {isa = PBXBuildFile; fileRef = 2F5A39081E44BBD500BA0550 /* MainInterface.storyboard */; };
		2F5A390E1E44BBD500BA0550 /* VTodayExtension.appex in Embed App Extensions */ = {isa = PBXBuildFile; fileRef = 2F5A39021E44BBD500BA0550 /* VTodayExtension.appex */; settings = {ATTRIBUTES = (RemoveHeadersOnCopy, ); }; };
		2FA88D291E3F31FF00F26BE6 /* DownloadTask.swift in Sources */ = {isa = PBXBuildFile; fileRef = 2FA88D1D1E3F31FF00F26BE6 /* DownloadTask.swift */; };
		2FA88D2B1E3F31FF00F26BE6 /* Image.swift in Sources */ = {isa = PBXBuildFile; fileRef = 2FA88D1F1E3F31FF00F26BE6 /* Image.swift */; };
		2FA88D2C1E3F31FF00F26BE6 /* Image+CoreDataProperties.swift in Sources */ = {isa = PBXBuildFile; fileRef = 2FA88D201E3F31FF00F26BE6 /* Image+CoreDataProperties.swift */; };
		2FA88D2E1E3F31FF00F26BE6 /* NSManagedObject+Extension.swift in Sources */ = {isa = PBXBuildFile; fileRef = 2FA88D221E3F31FF00F26BE6 /* NSManagedObject+Extension.swift */; };
		2FA88D2F1E3F31FF00F26BE6 /* OpenSafariActivity.swift in Sources */ = {isa = PBXBuildFile; fileRef = 2FA88D231E3F31FF00F26BE6 /* OpenSafariActivity.swift */; };
		2FA88D311E3F31FF00F26BE6 /* Video.swift in Sources */ = {isa = PBXBuildFile; fileRef = 2FA88D251E3F31FF00F26BE6 /* Video.swift */; };
		2FA88D321E3F31FF00F26BE6 /* Video+CoreDataProperties.swift in Sources */ = {isa = PBXBuildFile; fileRef = 2FA88D261E3F31FF00F26BE6 /* Video+CoreDataProperties.swift */; };
		2FA88D331E3F31FF00F26BE6 /* VideoMarks.xcdatamodeld in Sources */ = {isa = PBXBuildFile; fileRef = 2FA88D271E3F31FF00F26BE6 /* VideoMarks.xcdatamodeld */; };
		2FA88D391E3F355200F26BE6 /* ArrayDataSource.swift in Sources */ = {isa = PBXBuildFile; fileRef = 2FA88D381E3F355200F26BE6 /* ArrayDataSource.swift */; };
		2FA88D3D1E3F360600F26BE6 /* NSIndexSet+extension.swift in Sources */ = {isa = PBXBuildFile; fileRef = 2FA88D3A1E3F360600F26BE6 /* NSIndexSet+extension.swift */; };
		2FA88D3E1E3F360600F26BE6 /* UICollectionView+extension.swift in Sources */ = {isa = PBXBuildFile; fileRef = 2FA88D3B1E3F360600F26BE6 /* UICollectionView+extension.swift */; };
		2FA88D3F1E3F360600F26BE6 /* UIImage+extension.swift in Sources */ = {isa = PBXBuildFile; fileRef = 2FA88D3C1E3F360600F26BE6 /* UIImage+extension.swift */; };
		2FA88D411E3F361D00F26BE6 /* VideoMarksConstants.swift in Sources */ = {isa = PBXBuildFile; fileRef = 2FA88D401E3F361D00F26BE6 /* VideoMarksConstants.swift */; };
		2FA88D451E3F3CAF00F26BE6 /* HLSPlayListParser.swift in Sources */ = {isa = PBXBuildFile; fileRef = 2FA88D421E3F3CAF00F26BE6 /* HLSPlayListParser.swift */; };
		2FA88D461E3F3CAF00F26BE6 /* MemoryCache.swift in Sources */ = {isa = PBXBuildFile; fileRef = 2FA88D431E3F3CAF00F26BE6 /* MemoryCache.swift */; };
		2FA88D471E3F3CAF00F26BE6 /* TaskManager.swift in Sources */ = {isa = PBXBuildFile; fileRef = 2FA88D441E3F3CAF00F26BE6 /* TaskManager.swift */; };
		2FE71F631E44CA63000D892C /* InfoPlist.strings in Resources */ = {isa = PBXBuildFile; fileRef = 2FE71F651E44CA63000D892C /* InfoPlist.strings */; };
		2FE71F6D1E44CD52000D892C /* Localizable.strings in Resources */ = {isa = PBXBuildFile; fileRef = 2FE71F6F1E44CD52000D892C /* Localizable.strings */; };
		4A07AE6E1D08702400935701 /* AVKit.framework in Frameworks */ = {isa = PBXBuildFile; fileRef = 4A07AE6D1D08702400935701 /* AVKit.framework */; };
		4A07AE701D08702B00935701 /* AVFoundation.framework in Frameworks */ = {isa = PBXBuildFile; fileRef = 4A07AE6F1D08702B00935701 /* AVFoundation.framework */; };
		4A2EB6831D462C9600019FAC /* DownloadViewCell.swift in Sources */ = {isa = PBXBuildFile; fileRef = 4A2EB6821D462C9600019FAC /* DownloadViewCell.swift */; };
		4A5CFDA01D060D6D004C2C64 /* DataController.swift in Sources */ = {isa = PBXBuildFile; fileRef = 4A5CFD9F1D060D6D004C2C64 /* DataController.swift */; };
		4A5CFDA21D07FCFA004C2C64 /* VideoMarksTVC.swift in Sources */ = {isa = PBXBuildFile; fileRef = 4A5CFDA11D07FCFA004C2C64 /* VideoMarksTVC.swift */; };
		4A5FF03D1D747BE1002D156A /* TabTwoScenes.storyboard in Resources */ = {isa = PBXBuildFile; fileRef = 4A5FF03B1D747BE1002D156A /* TabTwoScenes.storyboard */; };
		4A68B1401D79A718001CC266 /* Assets.xcassets in Resources */ = {isa = PBXBuildFile; fileRef = 4A68B13F1D79A718001CC266 /* Assets.xcassets */; };
		4A75616B1D056C6A00D76EBA /* MyJSFile.js in Resources */ = {isa = PBXBuildFile; fileRef = 4A75616A1D056C6A00D76EBA /* MyJSFile.js */; };
		4AA06C591D3679D400504AE3 /* VideoMarkCell.swift in Sources */ = {isa = PBXBuildFile; fileRef = 4AA06C571D3679D400504AE3 /* VideoMarkCell.swift */; };
		4AA06C5A1D3679D400504AE3 /* VideoMarkCell.xib in Resources */ = {isa = PBXBuildFile; fileRef = 4AA06C581D3679D400504AE3 /* VideoMarkCell.xib */; };
		4AA06C5C1D368E9C00504AE3 /* PhotosTVC.swift in Sources */ = {isa = PBXBuildFile; fileRef = 4AA06C5B1D368E9C00504AE3 /* PhotosTVC.swift */; };
		4AA06C5E1D36EBFA00504AE3 /* AssetGirdVC.swift in Sources */ = {isa = PBXBuildFile; fileRef = 4AA06C5D1D36EBFA00504AE3 /* AssetGirdVC.swift */; };
		4AA06C631D36F69E00504AE3 /* GirdViewCell.swift in Sources */ = {isa = PBXBuildFile; fileRef = 4AA06C621D36F69E00504AE3 /* GirdViewCell.swift */; };
		4AA06C671D37AA6700504AE3 /* PlayerController.swift in Sources */ = {isa = PBXBuildFile; fileRef = 4AA06C661D37AA6700504AE3 /* PlayerController.swift */; };
		4AA184EF1D11E16800A348E7 /* VideoDetailTVC.swift in Sources */ = {isa = PBXBuildFile; fileRef = 4AA184EE1D11E16800A348E7 /* VideoDetailTVC.swift */; };
		4AA184F11D11F12A00A348E7 /* VideoDetailCell.swift in Sources */ = {isa = PBXBuildFile; fileRef = 4AA184F01D11F12A00A348E7 /* VideoDetailCell.swift */; };
		4AD4E2931D0C18770002CE90 /* Localizable.strings in Resources */ = {isa = PBXBuildFile; fileRef = 4AD4E2951D0C18770002CE90 /* Localizable.strings */; };
		4AD4E29A1D0C1C220002CE90 /* InfoPlist.strings in Resources */ = {isa = PBXBuildFile; fileRef = 4AD4E29C1D0C1C220002CE90 /* InfoPlist.strings */; };
		4AD4E2A11D0C1FA00002CE90 /* InfoPlist.strings in Resources */ = {isa = PBXBuildFile; fileRef = 4AD4E2A31D0C1FA00002CE90 /* InfoPlist.strings */; };
		4AD4E2A91D0C21390002CE90 /* Localizable.strings in Resources */ = {isa = PBXBuildFile; fileRef = 4AD4E2AB1D0C21390002CE90 /* Localizable.strings */; };
		4AD794951D0347BD008A1D2D /* AppDelegate.swift in Sources */ = {isa = PBXBuildFile; fileRef = 4AD794941D0347BD008A1D2D /* AppDelegate.swift */; };
		4AD7949A1D0347BD008A1D2D /* Main.storyboard in Resources */ = {isa = PBXBuildFile; fileRef = 4AD794981D0347BD008A1D2D /* Main.storyboard */; };
		4AD794A21D0347BD008A1D2D /* LaunchScreen.storyboard in Resources */ = {isa = PBXBuildFile; fileRef = 4AD794A01D0347BD008A1D2D /* LaunchScreen.storyboard */; };
		4AD794AD1D0347BD008A1D2D /* VideoMarksTests.swift in Sources */ = {isa = PBXBuildFile; fileRef = 4AD794AC1D0347BD008A1D2D /* VideoMarksTests.swift */; };
		4AD794B81D0347BD008A1D2D /* VideoMarksUITests.swift in Sources */ = {isa = PBXBuildFile; fileRef = 4AD794B71D0347BD008A1D2D /* VideoMarksUITests.swift */; };
		4AD794CD1D034B4D008A1D2D /* ShareViewController.swift in Sources */ = {isa = PBXBuildFile; fileRef = 4AD794CC1D034B4D008A1D2D /* ShareViewController.swift */; };
		4AD794D01D034B4D008A1D2D /* MainInterface.storyboard in Resources */ = {isa = PBXBuildFile; fileRef = 4AD794CE1D034B4D008A1D2D /* MainInterface.storyboard */; };
		4AD794D41D034B4D008A1D2D /* VExtension.appex in Embed App Extensions */ = {isa = PBXBuildFile; fileRef = 4AD794CA1D034B4D008A1D2D /* VExtension.appex */; settings = {ATTRIBUTES = (RemoveHeadersOnCopy, ); }; };
		82BBB809DB06A91258725C50 /* Pods_VTodayExtension.framework in Frameworks */ = {isa = PBXBuildFile; fileRef = DE645F17E5CE3B1AE914C1F9 /* Pods_VTodayExtension.framework */; };
		8E87A6FA69396F064089E8F9 /* Pods_VideoMarksUITests.framework in Frameworks */ = {isa = PBXBuildFile; fileRef = C3236B47CE8E9ECA70D4C3DA /* Pods_VideoMarksUITests.framework */; };
		8EC39131368A87724970BA7B /* Pods_VideoMarksTests.framework in Frameworks */ = {isa = PBXBuildFile; fileRef = 8892FBD4E09693773290A337 /* Pods_VideoMarksTests.framework */; };
		E38BD2C05AEE2A8B1172AF38 /* Pods_VExtension.framework in Frameworks */ = {isa = PBXBuildFile; fileRef = CC5FB10F0CA7402DBADE1ED6 /* Pods_VExtension.framework */; };
		E7D1D65C90F35BCBBA6E9DDD /* Pods_VideoMarks.framework in Frameworks */ = {isa = PBXBuildFile; fileRef = 9DA3FB11BDA5570A2BD2C98B /* Pods_VideoMarks.framework */; };
/* End PBXBuildFile section */

/* Begin PBXContainerItemProxy section */
		2F5A390C1E44BBD500BA0550 /* PBXContainerItemProxy */ = {
			isa = PBXContainerItemProxy;
			containerPortal = 4AD794891D0347BD008A1D2D /* Project object */;
			proxyType = 1;
			remoteGlobalIDString = 2F5A39011E44BBD500BA0550;
			remoteInfo = VTodayExtension;
		};
		4AD794A91D0347BD008A1D2D /* PBXContainerItemProxy */ = {
			isa = PBXContainerItemProxy;
			containerPortal = 4AD794891D0347BD008A1D2D /* Project object */;
			proxyType = 1;
			remoteGlobalIDString = 4AD794901D0347BD008A1D2D;
			remoteInfo = VideoMarks;
		};
		4AD794B41D0347BD008A1D2D /* PBXContainerItemProxy */ = {
			isa = PBXContainerItemProxy;
			containerPortal = 4AD794891D0347BD008A1D2D /* Project object */;
			proxyType = 1;
			remoteGlobalIDString = 4AD794901D0347BD008A1D2D;
			remoteInfo = VideoMarks;
		};
		4AD794D21D034B4D008A1D2D /* PBXContainerItemProxy */ = {
			isa = PBXContainerItemProxy;
			containerPortal = 4AD794891D0347BD008A1D2D /* Project object */;
			proxyType = 1;
			remoteGlobalIDString = 4AD794C91D034B4D008A1D2D;
			remoteInfo = VExtension;
		};
/* End PBXContainerItemProxy section */

/* Begin PBXCopyFilesBuildPhase section */
		4AD794D81D034B4D008A1D2D /* Embed App Extensions */ = {
			isa = PBXCopyFilesBuildPhase;
			buildActionMask = 2147483647;
			dstPath = "";
			dstSubfolderSpec = 13;
			files = (
				4AD794D41D034B4D008A1D2D /* VExtension.appex in Embed App Extensions */,
				2F5A390E1E44BBD500BA0550 /* VTodayExtension.appex in Embed App Extensions */,
			);
			name = "Embed App Extensions";
			runOnlyForDeploymentPostprocessing = 0;
		};
/* End PBXCopyFilesBuildPhase section */

/* Begin PBXFileReference section */
		1387A304DAC8D00D7E6D6FF6 /* Pods-VideoMarksUITests.debug.xcconfig */ = {isa = PBXFileReference; includeInIndex = 1; lastKnownFileType = text.xcconfig; name = "Pods-VideoMarksUITests.debug.xcconfig"; path = "Pods/Target Support Files/Pods-VideoMarksUITests/Pods-VideoMarksUITests.debug.xcconfig"; sourceTree = "<group>"; };
		1D07A205B8C3EB636C1A7642 /* Pods-VideoMarksUITests.release.xcconfig */ = {isa = PBXFileReference; includeInIndex = 1; lastKnownFileType = text.xcconfig; name = "Pods-VideoMarksUITests.release.xcconfig"; path = "Pods/Target Support Files/Pods-VideoMarksUITests/Pods-VideoMarksUITests.release.xcconfig"; sourceTree = "<group>"; };
		265D4E0EFAA95B8BE0BB2AE8 /* Pods-VideoMarksTests.debug.xcconfig */ = {isa = PBXFileReference; includeInIndex = 1; lastKnownFileType = text.xcconfig; name = "Pods-VideoMarksTests.debug.xcconfig"; path = "Pods/Target Support Files/Pods-VideoMarksTests/Pods-VideoMarksTests.debug.xcconfig"; sourceTree = "<group>"; };
		26E90BFE71385B51F65E65EC /* Pods-VTodayExtension.debug.xcconfig */ = {isa = PBXFileReference; includeInIndex = 1; lastKnownFileType = text.xcconfig; name = "Pods-VTodayExtension.debug.xcconfig"; path = "Pods/Target Support Files/Pods-VTodayExtension/Pods-VTodayExtension.debug.xcconfig"; sourceTree = "<group>"; };
		2C7FB85A97EBA702E5C57238 /* Pods-VideoMarksTests.release.xcconfig */ = {isa = PBXFileReference; includeInIndex = 1; lastKnownFileType = text.xcconfig; name = "Pods-VideoMarksTests.release.xcconfig"; path = "Pods/Target Support Files/Pods-VideoMarksTests/Pods-VideoMarksTests.release.xcconfig"; sourceTree = "<group>"; };
		2D617DA9F27CF163F6AE6543 /* Pods-VideoMarks.release.xcconfig */ = {isa = PBXFileReference; includeInIndex = 1; lastKnownFileType = text.xcconfig; name = "Pods-VideoMarks.release.xcconfig"; path = "Pods/Target Support Files/Pods-VideoMarks/Pods-VideoMarks.release.xcconfig"; sourceTree = "<group>"; };
		2F5A38DB1E44551200BA0550 /* SwitchSettingCell.swift */ = {isa = PBXFileReference; fileEncoding = 4; lastKnownFileType = sourcecode.swift; path = SwitchSettingCell.swift; sourceTree = "<group>"; };
		2F5A38DF1E446FA100BA0550 /* SystemConfigHelper.swift */ = {isa = PBXFileReference; fileEncoding = 4; lastKnownFileType = sourcecode.swift; path = SystemConfigHelper.swift; sourceTree = "<group>"; };
		2F5A38E11E44A83600BA0550 /* zh-Hant */ = {isa = PBXFileReference; lastKnownFileType = text.plist.strings; name = "zh-Hant"; path = "zh-Hant.lproj/TabTwoScenes.strings"; sourceTree = "<group>"; };
		2F5A38E51E44A83700BA0550 /* zh-Hant */ = {isa = PBXFileReference; lastKnownFileType = text.plist.strings; name = "zh-Hant"; path = "zh-Hant.lproj/InfoPlist.strings"; sourceTree = "<group>"; };
		2F5A38EA1E44A83700BA0550 /* zh-Hant */ = {isa = PBXFileReference; lastKnownFileType = text.plist.strings; name = "zh-Hant"; path = "zh-Hant.lproj/InfoPlist.strings"; sourceTree = "<group>"; };
		2F5A38EC1E44A8D500BA0550 /* ja */ = {isa = PBXFileReference; lastKnownFileType = text.plist.strings; name = ja; path = ja.lproj/TabTwoScenes.strings; sourceTree = "<group>"; };
		2F5A38ED1E44A8D500BA0550 /* ja */ = {isa = PBXFileReference; lastKnownFileType = text.plist.strings; name = ja; path = ja.lproj/InfoPlist.strings; sourceTree = "<group>"; };
		2F5A38EE1E44A8D500BA0550 /* ja */ = {isa = PBXFileReference; lastKnownFileType = text.plist.strings; name = ja; path = ja.lproj/InfoPlist.strings; sourceTree = "<group>"; };
		2F5A38EF1E44A8F400BA0550 /* zh-Hans */ = {isa = PBXFileReference; lastKnownFileType = text.plist.strings; name = "zh-Hans"; path = "zh-Hans.lproj/TabTwoScenes.strings"; sourceTree = "<group>"; };
		2F5A38F01E44A8F500BA0550 /* zh-Hans */ = {isa = PBXFileReference; lastKnownFileType = text.plist.strings; name = "zh-Hans"; path = "zh-Hans.lproj/InfoPlist.strings"; sourceTree = "<group>"; };
		2F5A38F11E44A8F500BA0550 /* zh-Hans */ = {isa = PBXFileReference; lastKnownFileType = text.plist.strings; name = "zh-Hans"; path = "zh-Hans.lproj/InfoPlist.strings"; sourceTree = "<group>"; };
		2F5A38F61E44ACF700BA0550 /* Base */ = {isa = PBXFileReference; lastKnownFileType = file.storyboard; name = Base; path = Base.lproj/TabOneScenes.storyboard; sourceTree = "<group>"; };
		2F5A38F91E44AD0400BA0550 /* zh-Hans */ = {isa = PBXFileReference; lastKnownFileType = text.plist.strings; name = "zh-Hans"; path = "zh-Hans.lproj/TabOneScenes.strings"; sourceTree = "<group>"; };
		2F5A38FB1E44AD0500BA0550 /* zh-Hant */ = {isa = PBXFileReference; lastKnownFileType = text.plist.strings; name = "zh-Hant"; path = "zh-Hant.lproj/TabOneScenes.strings"; sourceTree = "<group>"; };
		2F5A38FD1E44AD0600BA0550 /* ja */ = {isa = PBXFileReference; lastKnownFileType = text.plist.strings; name = ja; path = ja.lproj/TabOneScenes.strings; sourceTree = "<group>"; };
		2F5A39021E44BBD500BA0550 /* VTodayExtension.appex */ = {isa = PBXFileReference; explicitFileType = "wrapper.app-extension"; includeInIndex = 0; path = VTodayExtension.appex; sourceTree = BUILT_PRODUCTS_DIR; };
		2F5A39031E44BBD500BA0550 /* NotificationCenter.framework */ = {isa = PBXFileReference; lastKnownFileType = wrapper.framework; name = NotificationCenter.framework; path = System/Library/Frameworks/NotificationCenter.framework; sourceTree = SDKROOT; };
		2F5A39061E44BBD500BA0550 /* TodayViewController.swift */ = {isa = PBXFileReference; lastKnownFileType = sourcecode.swift; path = TodayViewController.swift; sourceTree = "<group>"; };
		2F5A39091E44BBD500BA0550 /* Base */ = {isa = PBXFileReference; lastKnownFileType = file.storyboard; name = Base; path = Base.lproj/MainInterface.storyboard; sourceTree = "<group>"; };
		2F5A390B1E44BBD500BA0550 /* Info.plist */ = {isa = PBXFileReference; lastKnownFileType = text.plist.xml; path = Info.plist; sourceTree = "<group>"; };
		2FA88D1D1E3F31FF00F26BE6 /* DownloadTask.swift */ = {isa = PBXFileReference; fileEncoding = 4; lastKnownFileType = sourcecode.swift; path = DownloadTask.swift; sourceTree = "<group>"; };
		2FA88D1F1E3F31FF00F26BE6 /* Image.swift */ = {isa = PBXFileReference; fileEncoding = 4; lastKnownFileType = sourcecode.swift; path = Image.swift; sourceTree = "<group>"; };
		2FA88D201E3F31FF00F26BE6 /* Image+CoreDataProperties.swift */ = {isa = PBXFileReference; fileEncoding = 4; lastKnownFileType = sourcecode.swift; path = "Image+CoreDataProperties.swift"; sourceTree = "<group>"; };
		2FA88D221E3F31FF00F26BE6 /* NSManagedObject+Extension.swift */ = {isa = PBXFileReference; fileEncoding = 4; lastKnownFileType = sourcecode.swift; path = "NSManagedObject+Extension.swift"; sourceTree = "<group>"; };
		2FA88D231E3F31FF00F26BE6 /* OpenSafariActivity.swift */ = {isa = PBXFileReference; fileEncoding = 4; lastKnownFileType = sourcecode.swift; path = OpenSafariActivity.swift; sourceTree = "<group>"; };
		2FA88D251E3F31FF00F26BE6 /* Video.swift */ = {isa = PBXFileReference; fileEncoding = 4; lastKnownFileType = sourcecode.swift; path = Video.swift; sourceTree = "<group>"; };
		2FA88D261E3F31FF00F26BE6 /* Video+CoreDataProperties.swift */ = {isa = PBXFileReference; fileEncoding = 4; lastKnownFileType = sourcecode.swift; path = "Video+CoreDataProperties.swift"; sourceTree = "<group>"; };
		2FA88D281E3F31FF00F26BE6 /* VideoMarks.xcdatamodel */ = {isa = PBXFileReference; lastKnownFileType = wrapper.xcdatamodel; path = VideoMarks.xcdatamodel; sourceTree = "<group>"; };
		2FA88D381E3F355200F26BE6 /* ArrayDataSource.swift */ = {isa = PBXFileReference; fileEncoding = 4; lastKnownFileType = sourcecode.swift; path = ArrayDataSource.swift; sourceTree = "<group>"; };
		2FA88D3A1E3F360600F26BE6 /* NSIndexSet+extension.swift */ = {isa = PBXFileReference; fileEncoding = 4; lastKnownFileType = sourcecode.swift; path = "NSIndexSet+extension.swift"; sourceTree = "<group>"; };
		2FA88D3B1E3F360600F26BE6 /* UICollectionView+extension.swift */ = {isa = PBXFileReference; fileEncoding = 4; lastKnownFileType = sourcecode.swift; path = "UICollectionView+extension.swift"; sourceTree = "<group>"; };
		2FA88D3C1E3F360600F26BE6 /* UIImage+extension.swift */ = {isa = PBXFileReference; fileEncoding = 4; lastKnownFileType = sourcecode.swift; path = "UIImage+extension.swift"; sourceTree = "<group>"; };
		2FA88D401E3F361D00F26BE6 /* VideoMarksConstants.swift */ = {isa = PBXFileReference; fileEncoding = 4; lastKnownFileType = sourcecode.swift; path = VideoMarksConstants.swift; sourceTree = "<group>"; };
		2FA88D421E3F3CAF00F26BE6 /* HLSPlayListParser.swift */ = {isa = PBXFileReference; fileEncoding = 4; lastKnownFileType = sourcecode.swift; path = HLSPlayListParser.swift; sourceTree = "<group>"; };
		2FA88D431E3F3CAF00F26BE6 /* MemoryCache.swift */ = {isa = PBXFileReference; fileEncoding = 4; lastKnownFileType = sourcecode.swift; path = MemoryCache.swift; sourceTree = "<group>"; };
		2FA88D441E3F3CAF00F26BE6 /* TaskManager.swift */ = {isa = PBXFileReference; fileEncoding = 4; lastKnownFileType = sourcecode.swift; path = TaskManager.swift; sourceTree = "<group>"; };
		2FE71F671E44CAD2000D892C /* zh-Hans */ = {isa = PBXFileReference; lastKnownFileType = text.plist.strings; name = "zh-Hans"; path = "zh-Hans.lproj/InfoPlist.strings"; sourceTree = "<group>"; };
		2FE71F681E44CAD3000D892C /* zh-Hant */ = {isa = PBXFileReference; lastKnownFileType = text.plist.strings; name = "zh-Hant"; path = "zh-Hant.lproj/InfoPlist.strings"; sourceTree = "<group>"; };
		2FE71F691E44CAD4000D892C /* ja */ = {isa = PBXFileReference; lastKnownFileType = text.plist.strings; name = ja; path = ja.lproj/InfoPlist.strings; sourceTree = "<group>"; };
		2FE71F6A1E44CADB000D892C /* en */ = {isa = PBXFileReference; lastKnownFileType = text.plist.strings; name = en; path = en.lproj/InfoPlist.strings; sourceTree = "<group>"; };
		2FE71F6E1E44CD52000D892C /* ja */ = {isa = PBXFileReference; lastKnownFileType = text.plist.strings; name = ja; path = ja.lproj/Localizable.strings; sourceTree = "<group>"; };
		2FE71F701E44CD52000D892C /* ja */ = {isa = PBXFileReference; lastKnownFileType = text.plist.strings; name = ja; path = ja.lproj/MainInterface.strings; sourceTree = "<group>"; };
		2FE71F711E44CD69000D892C /* zh-Hans */ = {isa = PBXFileReference; lastKnownFileType = text.plist.strings; name = "zh-Hans"; path = "zh-Hans.lproj/Localizable.strings"; sourceTree = "<group>"; };
		2FE71F721E44CD69000D892C /* zh-Hans */ = {isa = PBXFileReference; lastKnownFileType = text.plist.strings; name = "zh-Hans"; path = "zh-Hans.lproj/MainInterface.strings"; sourceTree = "<group>"; };
		2FE71F731E44CD79000D892C /* zh-Hant */ = {isa = PBXFileReference; lastKnownFileType = text.plist.strings; name = "zh-Hant"; path = "zh-Hant.lproj/Localizable.strings"; sourceTree = "<group>"; };
		2FE71F741E44CD7A000D892C /* zh-Hant */ = {isa = PBXFileReference; lastKnownFileType = text.plist.strings; name = "zh-Hant"; path = "zh-Hant.lproj/MainInterface.strings"; sourceTree = "<group>"; };
		4A07AE6D1D08702400935701 /* AVKit.framework */ = {isa = PBXFileReference; lastKnownFileType = wrapper.framework; name = AVKit.framework; path = System/Library/Frameworks/AVKit.framework; sourceTree = SDKROOT; };
		4A07AE6F1D08702B00935701 /* AVFoundation.framework */ = {isa = PBXFileReference; lastKnownFileType = wrapper.framework; name = AVFoundation.framework; path = System/Library/Frameworks/AVFoundation.framework; sourceTree = SDKROOT; };
		4A07AE741D08A5C600935701 /* zh-Hans */ = {isa = PBXFileReference; lastKnownFileType = text.plist.strings; name = "zh-Hans"; path = "zh-Hans.lproj/LaunchScreen.strings"; sourceTree = "<group>"; };
		4A07AE751D08A5C600935701 /* zh-Hans */ = {isa = PBXFileReference; lastKnownFileType = text.plist.strings; name = "zh-Hans"; path = "zh-Hans.lproj/MainInterface.strings"; sourceTree = "<group>"; };
		4A2EB6821D462C9600019FAC /* DownloadViewCell.swift */ = {isa = PBXFileReference; fileEncoding = 4; lastKnownFileType = sourcecode.swift; name = DownloadViewCell.swift; path = Views/DownloadViewCell.swift; sourceTree = "<group>"; };
		4A5CFD9F1D060D6D004C2C64 /* DataController.swift */ = {isa = PBXFileReference; fileEncoding = 4; lastKnownFileType = sourcecode.swift; path = DataController.swift; sourceTree = "<group>"; };
		4A5CFDA11D07FCFA004C2C64 /* VideoMarksTVC.swift */ = {isa = PBXFileReference; fileEncoding = 4; lastKnownFileType = sourcecode.swift; path = VideoMarksTVC.swift; sourceTree = "<group>"; };
		4A5FF03C1D747BE1002D156A /* Base */ = {isa = PBXFileReference; lastKnownFileType = file.storyboard; name = Base; path = Base.lproj/TabTwoScenes.storyboard; sourceTree = "<group>"; };
		4A68B13F1D79A718001CC266 /* Assets.xcassets */ = {isa = PBXFileReference; lastKnownFileType = folder.assetcatalog; path = Assets.xcassets; sourceTree = "<group>"; };
		4A75616A1D056C6A00D76EBA /* MyJSFile.js */ = {isa = PBXFileReference; fileEncoding = 4; lastKnownFileType = sourcecode.javascript; path = MyJSFile.js; sourceTree = "<group>"; };
		4A8777221D22637500BB92C5 /* zh-Hant */ = {isa = PBXFileReference; lastKnownFileType = text.plist.strings; name = "zh-Hant"; path = "zh-Hant.lproj/LaunchScreen.strings"; sourceTree = "<group>"; };
		4A8777231D22637500BB92C5 /* zh-Hant */ = {isa = PBXFileReference; lastKnownFileType = text.plist.strings; name = "zh-Hant"; path = "zh-Hant.lproj/MainInterface.strings"; sourceTree = "<group>"; };
		4A8777241D22637600BB92C5 /* zh-Hant */ = {isa = PBXFileReference; lastKnownFileType = text.plist.strings; name = "zh-Hant"; path = "zh-Hant.lproj/InfoPlist.strings"; sourceTree = "<group>"; };
		4A8777251D22637600BB92C5 /* zh-Hant */ = {isa = PBXFileReference; lastKnownFileType = text.plist.strings; name = "zh-Hant"; path = "zh-Hant.lproj/Localizable.strings"; sourceTree = "<group>"; };
		4A8777261D22637600BB92C5 /* zh-Hant */ = {isa = PBXFileReference; lastKnownFileType = text.plist.strings; name = "zh-Hant"; path = "zh-Hant.lproj/Localizable.strings"; sourceTree = "<group>"; };
		4A8777271D22637600BB92C5 /* zh-Hant */ = {isa = PBXFileReference; lastKnownFileType = text.plist.strings; name = "zh-Hant"; path = "zh-Hant.lproj/InfoPlist.strings"; sourceTree = "<group>"; };
		4A8777291D22638A00BB92C5 /* ja */ = {isa = PBXFileReference; lastKnownFileType = text.plist.strings; name = ja; path = ja.lproj/LaunchScreen.strings; sourceTree = "<group>"; };
		4A87772A1D22638A00BB92C5 /* ja */ = {isa = PBXFileReference; lastKnownFileType = text.plist.strings; name = ja; path = ja.lproj/MainInterface.strings; sourceTree = "<group>"; };
		4A87772B1D22638A00BB92C5 /* ja */ = {isa = PBXFileReference; lastKnownFileType = text.plist.strings; name = ja; path = ja.lproj/InfoPlist.strings; sourceTree = "<group>"; };
		4A87772C1D22638A00BB92C5 /* ja */ = {isa = PBXFileReference; lastKnownFileType = text.plist.strings; name = ja; path = ja.lproj/Localizable.strings; sourceTree = "<group>"; };
		4A87772D1D22638A00BB92C5 /* ja */ = {isa = PBXFileReference; lastKnownFileType = text.plist.strings; name = ja; path = ja.lproj/Localizable.strings; sourceTree = "<group>"; };
		4A87772E1D22638A00BB92C5 /* ja */ = {isa = PBXFileReference; lastKnownFileType = text.plist.strings; name = ja; path = ja.lproj/InfoPlist.strings; sourceTree = "<group>"; };
		4AA06C571D3679D400504AE3 /* VideoMarkCell.swift */ = {isa = PBXFileReference; fileEncoding = 4; lastKnownFileType = sourcecode.swift; name = VideoMarkCell.swift; path = Views/VideoMarkCell.swift; sourceTree = "<group>"; };
		4AA06C581D3679D400504AE3 /* VideoMarkCell.xib */ = {isa = PBXFileReference; fileEncoding = 4; lastKnownFileType = file.xib; name = VideoMarkCell.xib; path = Views/VideoMarkCell.xib; sourceTree = "<group>"; };
		4AA06C5B1D368E9C00504AE3 /* PhotosTVC.swift */ = {isa = PBXFileReference; fileEncoding = 4; lastKnownFileType = sourcecode.swift; path = PhotosTVC.swift; sourceTree = "<group>"; };
		4AA06C5D1D36EBFA00504AE3 /* AssetGirdVC.swift */ = {isa = PBXFileReference; fileEncoding = 4; lastKnownFileType = sourcecode.swift; path = AssetGirdVC.swift; sourceTree = "<group>"; };
		4AA06C621D36F69E00504AE3 /* GirdViewCell.swift */ = {isa = PBXFileReference; fileEncoding = 4; lastKnownFileType = sourcecode.swift; name = GirdViewCell.swift; path = Views/GirdViewCell.swift; sourceTree = "<group>"; };
		4AA06C661D37AA6700504AE3 /* PlayerController.swift */ = {isa = PBXFileReference; fileEncoding = 4; lastKnownFileType = sourcecode.swift; path = PlayerController.swift; sourceTree = "<group>"; };
		4AA184EE1D11E16800A348E7 /* VideoDetailTVC.swift */ = {isa = PBXFileReference; fileEncoding = 4; lastKnownFileType = sourcecode.swift; path = VideoDetailTVC.swift; sourceTree = "<group>"; };
		4AA184F01D11F12A00A348E7 /* VideoDetailCell.swift */ = {isa = PBXFileReference; fileEncoding = 4; lastKnownFileType = sourcecode.swift; name = VideoDetailCell.swift; path = Views/VideoDetailCell.swift; sourceTree = "<group>"; };
		4AD4E2941D0C18770002CE90 /* zh-Hans */ = {isa = PBXFileReference; lastKnownFileType = text.plist.strings; name = "zh-Hans"; path = "zh-Hans.lproj/Localizable.strings"; sourceTree = "<group>"; };
		4AD4E2961D0C19240002CE90 /* en */ = {isa = PBXFileReference; lastKnownFileType = text.plist.strings; name = en; path = en.lproj/Localizable.strings; sourceTree = "<group>"; };
		4AD4E29B1D0C1C220002CE90 /* zh-Hans */ = {isa = PBXFileReference; lastKnownFileType = text.plist.strings; name = "zh-Hans"; path = "zh-Hans.lproj/InfoPlist.strings"; sourceTree = "<group>"; };
		4AD4E29D1D0C1C260002CE90 /* en */ = {isa = PBXFileReference; lastKnownFileType = text.plist.strings; name = en; path = en.lproj/InfoPlist.strings; sourceTree = "<group>"; };
		4AD4E2A21D0C1FA00002CE90 /* zh-Hans */ = {isa = PBXFileReference; lastKnownFileType = text.plist.strings; name = "zh-Hans"; path = "zh-Hans.lproj/InfoPlist.strings"; sourceTree = "<group>"; };
		4AD4E2A41D0C1FAE0002CE90 /* en */ = {isa = PBXFileReference; lastKnownFileType = text.plist.strings; name = en; path = en.lproj/InfoPlist.strings; sourceTree = "<group>"; };
		4AD4E2AA1D0C21390002CE90 /* en */ = {isa = PBXFileReference; lastKnownFileType = text.plist.strings; name = en; path = en.lproj/Localizable.strings; sourceTree = "<group>"; };
		4AD4E2AC1D0C213D0002CE90 /* zh-Hans */ = {isa = PBXFileReference; lastKnownFileType = text.plist.strings; name = "zh-Hans"; path = "zh-Hans.lproj/Localizable.strings"; sourceTree = "<group>"; };
		4AD794911D0347BD008A1D2D /* VideoMarks.app */ = {isa = PBXFileReference; explicitFileType = wrapper.application; includeInIndex = 0; path = VideoMarks.app; sourceTree = BUILT_PRODUCTS_DIR; };
		4AD794941D0347BD008A1D2D /* AppDelegate.swift */ = {isa = PBXFileReference; lastKnownFileType = sourcecode.swift; path = AppDelegate.swift; sourceTree = "<group>"; };
		4AD794991D0347BD008A1D2D /* Base */ = {isa = PBXFileReference; lastKnownFileType = file.storyboard; name = Base; path = Base.lproj/Main.storyboard; sourceTree = "<group>"; };
		4AD794A11D0347BD008A1D2D /* Base */ = {isa = PBXFileReference; lastKnownFileType = file.storyboard; name = Base; path = Base.lproj/LaunchScreen.storyboard; sourceTree = "<group>"; };
		4AD794A31D0347BD008A1D2D /* Info.plist */ = {isa = PBXFileReference; lastKnownFileType = text.plist.xml; path = Info.plist; sourceTree = "<group>"; };
		4AD794A81D0347BD008A1D2D /* VideoMarksTests.xctest */ = {isa = PBXFileReference; explicitFileType = wrapper.cfbundle; includeInIndex = 0; path = VideoMarksTests.xctest; sourceTree = BUILT_PRODUCTS_DIR; };
		4AD794AC1D0347BD008A1D2D /* VideoMarksTests.swift */ = {isa = PBXFileReference; lastKnownFileType = sourcecode.swift; path = VideoMarksTests.swift; sourceTree = "<group>"; };
		4AD794AE1D0347BD008A1D2D /* Info.plist */ = {isa = PBXFileReference; lastKnownFileType = text.plist.xml; path = Info.plist; sourceTree = "<group>"; };
		4AD794B31D0347BD008A1D2D /* VideoMarksUITests.xctest */ = {isa = PBXFileReference; explicitFileType = wrapper.cfbundle; includeInIndex = 0; path = VideoMarksUITests.xctest; sourceTree = BUILT_PRODUCTS_DIR; };
		4AD794B71D0347BD008A1D2D /* VideoMarksUITests.swift */ = {isa = PBXFileReference; lastKnownFileType = sourcecode.swift; path = VideoMarksUITests.swift; sourceTree = "<group>"; };
		4AD794B91D0347BD008A1D2D /* Info.plist */ = {isa = PBXFileReference; lastKnownFileType = text.plist.xml; path = Info.plist; sourceTree = "<group>"; };
		4AD794C51D03497E008A1D2D /* VideoMarks.entitlements */ = {isa = PBXFileReference; lastKnownFileType = text.xml; path = VideoMarks.entitlements; sourceTree = "<group>"; };
		4AD794CA1D034B4D008A1D2D /* VExtension.appex */ = {isa = PBXFileReference; explicitFileType = "wrapper.app-extension"; includeInIndex = 0; path = VExtension.appex; sourceTree = BUILT_PRODUCTS_DIR; };
		4AD794CC1D034B4D008A1D2D /* ShareViewController.swift */ = {isa = PBXFileReference; lastKnownFileType = sourcecode.swift; path = ShareViewController.swift; sourceTree = "<group>"; };
		4AD794CF1D034B4D008A1D2D /* Base */ = {isa = PBXFileReference; lastKnownFileType = file.storyboard; name = Base; path = Base.lproj/MainInterface.storyboard; sourceTree = "<group>"; };
		4AD794D11D034B4D008A1D2D /* Info.plist */ = {isa = PBXFileReference; lastKnownFileType = text.plist.xml; path = Info.plist; sourceTree = "<group>"; };
		4AD794D91D034B58008A1D2D /* VExtension.entitlements */ = {isa = PBXFileReference; lastKnownFileType = text.xml; path = VExtension.entitlements; sourceTree = "<group>"; };
		4AE707DD1D4883160064ACEE /* VideoMarks-Bridging-Header.h */ = {isa = PBXFileReference; fileEncoding = 4; lastKnownFileType = sourcecode.c.h; path = "VideoMarks-Bridging-Header.h"; sourceTree = "<group>"; };
		4AEB09CB1D4BCBD100545A66 /* zh-Hans */ = {isa = PBXFileReference; lastKnownFileType = text.plist.strings; name = "zh-Hans"; path = "zh-Hans.lproj/Main.strings"; sourceTree = "<group>"; };
		4AEB09CD1D4BCBDA00545A66 /* zh-Hant */ = {isa = PBXFileReference; lastKnownFileType = text.plist.strings; name = "zh-Hant"; path = "zh-Hant.lproj/Main.strings"; sourceTree = "<group>"; };
		4AEB09CF1D4BCBE300545A66 /* ja */ = {isa = PBXFileReference; lastKnownFileType = text.plist.strings; name = ja; path = ja.lproj/Main.strings; sourceTree = "<group>"; };
		71018F0F46D8180538580FCF /* Pods-VExtension.debug.xcconfig */ = {isa = PBXFileReference; includeInIndex = 1; lastKnownFileType = text.xcconfig; name = "Pods-VExtension.debug.xcconfig"; path = "Pods/Target Support Files/Pods-VExtension/Pods-VExtension.debug.xcconfig"; sourceTree = "<group>"; };
		71046853E552AA1271EDD405 /* Pods-VTodayExtension.release.xcconfig */ = {isa = PBXFileReference; includeInIndex = 1; lastKnownFileType = text.xcconfig; name = "Pods-VTodayExtension.release.xcconfig"; path = "Pods/Target Support Files/Pods-VTodayExtension/Pods-VTodayExtension.release.xcconfig"; sourceTree = "<group>"; };
		8892FBD4E09693773290A337 /* Pods_VideoMarksTests.framework */ = {isa = PBXFileReference; explicitFileType = wrapper.framework; includeInIndex = 0; path = Pods_VideoMarksTests.framework; sourceTree = BUILT_PRODUCTS_DIR; };
		8F1470AEAFF05A4416568D7B /* Pods-VExtension.release.xcconfig */ = {isa = PBXFileReference; includeInIndex = 1; lastKnownFileType = text.xcconfig; name = "Pods-VExtension.release.xcconfig"; path = "Pods/Target Support Files/Pods-VExtension/Pods-VExtension.release.xcconfig"; sourceTree = "<group>"; };
		9DA3FB11BDA5570A2BD2C98B /* Pods_VideoMarks.framework */ = {isa = PBXFileReference; explicitFileType = wrapper.framework; includeInIndex = 0; path = Pods_VideoMarks.framework; sourceTree = BUILT_PRODUCTS_DIR; };
		C3236B47CE8E9ECA70D4C3DA /* Pods_VideoMarksUITests.framework */ = {isa = PBXFileReference; explicitFileType = wrapper.framework; includeInIndex = 0; path = Pods_VideoMarksUITests.framework; sourceTree = BUILT_PRODUCTS_DIR; };
		CC5FB10F0CA7402DBADE1ED6 /* Pods_VExtension.framework */ = {isa = PBXFileReference; explicitFileType = wrapper.framework; includeInIndex = 0; path = Pods_VExtension.framework; sourceTree = BUILT_PRODUCTS_DIR; };
		DE645F17E5CE3B1AE914C1F9 /* Pods_VTodayExtension.framework */ = {isa = PBXFileReference; explicitFileType = wrapper.framework; includeInIndex = 0; path = Pods_VTodayExtension.framework; sourceTree = BUILT_PRODUCTS_DIR; };
		F129E360753307FF651D82C3 /* Pods-VideoMarks.debug.xcconfig */ = {isa = PBXFileReference; includeInIndex = 1; lastKnownFileType = text.xcconfig; name = "Pods-VideoMarks.debug.xcconfig"; path = "Pods/Target Support Files/Pods-VideoMarks/Pods-VideoMarks.debug.xcconfig"; sourceTree = "<group>"; };
/* End PBXFileReference section */

/* Begin PBXFrameworksBuildPhase section */
		2F5A38FF1E44BBD500BA0550 /* Frameworks */ = {
			isa = PBXFrameworksBuildPhase;
			buildActionMask = 2147483647;
			files = (
				2F5A39041E44BBD500BA0550 /* NotificationCenter.framework in Frameworks */,
				82BBB809DB06A91258725C50 /* Pods_VTodayExtension.framework in Frameworks */,
			);
			runOnlyForDeploymentPostprocessing = 0;
		};
		4AD7948E1D0347BD008A1D2D /* Frameworks */ = {
			isa = PBXFrameworksBuildPhase;
			buildActionMask = 2147483647;
			files = (
				4A07AE701D08702B00935701 /* AVFoundation.framework in Frameworks */,
				4A07AE6E1D08702400935701 /* AVKit.framework in Frameworks */,
				E7D1D65C90F35BCBBA6E9DDD /* Pods_VideoMarks.framework in Frameworks */,
			);
			runOnlyForDeploymentPostprocessing = 0;
		};
		4AD794A51D0347BD008A1D2D /* Frameworks */ = {
			isa = PBXFrameworksBuildPhase;
			buildActionMask = 2147483647;
			files = (
				8EC39131368A87724970BA7B /* Pods_VideoMarksTests.framework in Frameworks */,
			);
			runOnlyForDeploymentPostprocessing = 0;
		};
		4AD794B01D0347BD008A1D2D /* Frameworks */ = {
			isa = PBXFrameworksBuildPhase;
			buildActionMask = 2147483647;
			files = (
				8E87A6FA69396F064089E8F9 /* Pods_VideoMarksUITests.framework in Frameworks */,
			);
			runOnlyForDeploymentPostprocessing = 0;
		};
		4AD794C71D034B4D008A1D2D /* Frameworks */ = {
			isa = PBXFrameworksBuildPhase;
			buildActionMask = 2147483647;
			files = (
				E38BD2C05AEE2A8B1172AF38 /* Pods_VExtension.framework in Frameworks */,
			);
			runOnlyForDeploymentPostprocessing = 0;
		};
/* End PBXFrameworksBuildPhase section */

/* Begin PBXGroup section */
		2F5A39051E44BBD500BA0550 /* VTodayExtension */ = {
			isa = PBXGroup;
			children = (
				2FE71F6F1E44CD52000D892C /* Localizable.strings */,
				2F5A39061E44BBD500BA0550 /* TodayViewController.swift */,
				2F5A39081E44BBD500BA0550 /* MainInterface.storyboard */,
				2F5A390B1E44BBD500BA0550 /* Info.plist */,
				2FE71F651E44CA63000D892C /* InfoPlist.strings */,
			);
			path = VTodayExtension;
			sourceTree = "<group>";
		};
		2FA88D351E3F34FC00F26BE6 /* Constent */ = {
			isa = PBXGroup;
			children = (
				2FA88D401E3F361D00F26BE6 /* VideoMarksConstants.swift */,
			);
			path = Constent;
			sourceTree = "<group>";
		};
		2FA88D361E3F34FC00F26BE6 /* Utils */ = {
			isa = PBXGroup;
			children = (
				2FA88D3A1E3F360600F26BE6 /* NSIndexSet+extension.swift */,
				2FA88D3B1E3F360600F26BE6 /* UICollectionView+extension.swift */,
				2FA88D3C1E3F360600F26BE6 /* UIImage+extension.swift */,
				2FA88D381E3F355200F26BE6 /* ArrayDataSource.swift */,
			);
			path = Utils;
			sourceTree = "<group>";
		};
		2FA88D371E3F34FC00F26BE6 /* Widget */ = {
			isa = PBXGroup;
			children = (
				2FA88D421E3F3CAF00F26BE6 /* HLSPlayListParser.swift */,
				2FA88D431E3F3CAF00F26BE6 /* MemoryCache.swift */,
				2FA88D441E3F3CAF00F26BE6 /* TaskManager.swift */,
				2F5A38DF1E446FA100BA0550 /* SystemConfigHelper.swift */,
			);
			path = Widget;
			sourceTree = "<group>";
		};
		4A07AE821D0B433900935701 /* Controllers */ = {
			isa = PBXGroup;
			children = (
				4A5FF03E1D74AD40002D156A /* ThirdTab */,
				4A5CFDA11D07FCFA004C2C64 /* VideoMarksTVC.swift */,
				4AA184EE1D11E16800A348E7 /* VideoDetailTVC.swift */,
				4AA06C661D37AA6700504AE3 /* PlayerController.swift */,
				4A5CFD9F1D060D6D004C2C64 /* DataController.swift */,
				4AA06C5B1D368E9C00504AE3 /* PhotosTVC.swift */,
				4AA06C5D1D36EBFA00504AE3 /* AssetGirdVC.swift */,
			);
			path = Controllers;
			sourceTree = "<group>";
		};
		4A1B688C1D91CCB700B50EFD /* Frameworks */ = {
			isa = PBXGroup;
			children = (
				4A07AE6F1D08702B00935701 /* AVFoundation.framework */,
				4A07AE6D1D08702400935701 /* AVKit.framework */,
				2F5A39031E44BBD500BA0550 /* NotificationCenter.framework */,
				CC5FB10F0CA7402DBADE1ED6 /* Pods_VExtension.framework */,
				DE645F17E5CE3B1AE914C1F9 /* Pods_VTodayExtension.framework */,
				9DA3FB11BDA5570A2BD2C98B /* Pods_VideoMarks.framework */,
				8892FBD4E09693773290A337 /* Pods_VideoMarksTests.framework */,
				C3236B47CE8E9ECA70D4C3DA /* Pods_VideoMarksUITests.framework */,
			);
			name = Frameworks;
			sourceTree = "<group>";
		};
		4A4C25711D9D879800EA6F19 /* Support Files */ = {
			isa = PBXGroup;
			children = (
				4AD4E29C1D0C1C220002CE90 /* InfoPlist.strings */,
				4AD4E2951D0C18770002CE90 /* Localizable.strings */,
				4AE707DD1D4883160064ACEE /* VideoMarks-Bridging-Header.h */,
				4AD794C51D03497E008A1D2D /* VideoMarks.entitlements */,
				4AD794A31D0347BD008A1D2D /* Info.plist */,
			);
			name = "Support Files";
			sourceTree = "<group>";
		};
		4A5CFDA31D07FDCB004C2C64 /* Models */ = {
			isa = PBXGroup;
			children = (
				2FA88D1D1E3F31FF00F26BE6 /* DownloadTask.swift */,
				2FA88D1F1E3F31FF00F26BE6 /* Image.swift */,
				2FA88D201E3F31FF00F26BE6 /* Image+CoreDataProperties.swift */,
				2FA88D221E3F31FF00F26BE6 /* NSManagedObject+Extension.swift */,
				2FA88D231E3F31FF00F26BE6 /* OpenSafariActivity.swift */,
				2FA88D251E3F31FF00F26BE6 /* Video.swift */,
				2FA88D261E3F31FF00F26BE6 /* Video+CoreDataProperties.swift */,
				2FA88D271E3F31FF00F26BE6 /* VideoMarks.xcdatamodeld */,
			);
			path = Models;
			sourceTree = "<group>";
		};
		4A5FF03E1D74AD40002D156A /* ThirdTab */ = {
			isa = PBXGroup;
			children = (
			);
			name = ThirdTab;
			sourceTree = "<group>";
		};
		4AA06C4D1D33BF1000504AE3 /* TableViewCells */ = {
			isa = PBXGroup;
			children = (
				4AA184F01D11F12A00A348E7 /* VideoDetailCell.swift */,
				4AA06C571D3679D400504AE3 /* VideoMarkCell.swift */,
				4AA06C581D3679D400504AE3 /* VideoMarkCell.xib */,
				2F5A38DB1E44551200BA0550 /* SwitchSettingCell.swift */,
			);
			name = TableViewCells;
			sourceTree = "<group>";
		};
		4AA06C611D36F67000504AE3 /* CollectionViewCells */ = {
			isa = PBXGroup;
			children = (
				4AA06C621D36F69E00504AE3 /* GirdViewCell.swift */,
				4A2EB6821D462C9600019FAC /* DownloadViewCell.swift */,
			);
			name = CollectionViewCells;
			sourceTree = "<group>";
		};
		4AA184F21D11F13100A348E7 /* Views */ = {
			isa = PBXGroup;
			children = (
				4AA06C611D36F67000504AE3 /* CollectionViewCells */,
				4AA06C4D1D33BF1000504AE3 /* TableViewCells */,
			);
			name = Views;
			sourceTree = "<group>";
		};
		4AD794881D0347BD008A1D2D = {
			isa = PBXGroup;
			children = (
				4AD794931D0347BD008A1D2D /* VideoMarks */,
				4AD794CB1D034B4D008A1D2D /* VExtension */,
				4AD794AB1D0347BD008A1D2D /* VideoMarksTests */,
				4AD794B61D0347BD008A1D2D /* VideoMarksUITests */,
				2F5A39051E44BBD500BA0550 /* VTodayExtension */,
				4AD794921D0347BD008A1D2D /* Products */,
				4A1B688C1D91CCB700B50EFD /* Frameworks */,
				C65D2EA7D336771CE7B9D4B2 /* Pods */,
			);
			sourceTree = "<group>";
		};
		4AD794921D0347BD008A1D2D /* Products */ = {
			isa = PBXGroup;
			children = (
				4AD794911D0347BD008A1D2D /* VideoMarks.app */,
				4AD794A81D0347BD008A1D2D /* VideoMarksTests.xctest */,
				4AD794B31D0347BD008A1D2D /* VideoMarksUITests.xctest */,
				4AD794CA1D034B4D008A1D2D /* VExtension.appex */,
				2F5A39021E44BBD500BA0550 /* VTodayExtension.appex */,
			);
			name = Products;
			sourceTree = "<group>";
		};
		4AD794931D0347BD008A1D2D /* VideoMarks */ = {
			isa = PBXGroup;
			children = (
				4AD794941D0347BD008A1D2D /* AppDelegate.swift */,
				4A5CFDA31D07FDCB004C2C64 /* Models */,
				4AA184F21D11F13100A348E7 /* Views */,
				4A07AE821D0B433900935701 /* Controllers */,
				4A4C25711D9D879800EA6F19 /* Support Files */,
				4AD794981D0347BD008A1D2D /* Main.storyboard */,
				2F5A38F71E44ACF700BA0550 /* TabOneScenes.storyboard */,
				4A5FF03B1D747BE1002D156A /* TabTwoScenes.storyboard */,
				4AD794A01D0347BD008A1D2D /* LaunchScreen.storyboard */,
				4A68B13F1D79A718001CC266 /* Assets.xcassets */,
				2FA88D351E3F34FC00F26BE6 /* Constent */,
				2FA88D361E3F34FC00F26BE6 /* Utils */,
				2FA88D371E3F34FC00F26BE6 /* Widget */,
			);
			path = VideoMarks;
			sourceTree = "<group>";
		};
		4AD794AB1D0347BD008A1D2D /* VideoMarksTests */ = {
			isa = PBXGroup;
			children = (
				2F5A38EB1E44A83700BA0550 /* InfoPlist.strings */,
				4AD794AC1D0347BD008A1D2D /* VideoMarksTests.swift */,
				4AD794AE1D0347BD008A1D2D /* Info.plist */,
			);
			path = VideoMarksTests;
			sourceTree = "<group>";
		};
		4AD794B61D0347BD008A1D2D /* VideoMarksUITests */ = {
			isa = PBXGroup;
			children = (
				2F5A38E61E44A83700BA0550 /* InfoPlist.strings */,
				4AD794B71D0347BD008A1D2D /* VideoMarksUITests.swift */,
				4AD794B91D0347BD008A1D2D /* Info.plist */,
			);
			path = VideoMarksUITests;
			sourceTree = "<group>";
		};
		4AD794CB1D034B4D008A1D2D /* VExtension */ = {
			isa = PBXGroup;
			children = (
				4AD4E2AB1D0C21390002CE90 /* Localizable.strings */,
				4AD4E2A31D0C1FA00002CE90 /* InfoPlist.strings */,
				4A75616A1D056C6A00D76EBA /* MyJSFile.js */,
				4AD794D91D034B58008A1D2D /* VExtension.entitlements */,
				4AD794CC1D034B4D008A1D2D /* ShareViewController.swift */,
				4AD794CE1D034B4D008A1D2D /* MainInterface.storyboard */,
				4AD794D11D034B4D008A1D2D /* Info.plist */,
			);
			path = VExtension;
			sourceTree = "<group>";
		};
		C65D2EA7D336771CE7B9D4B2 /* Pods */ = {
			isa = PBXGroup;
			children = (
				71018F0F46D8180538580FCF /* Pods-VExtension.debug.xcconfig */,
				8F1470AEAFF05A4416568D7B /* Pods-VExtension.release.xcconfig */,
				26E90BFE71385B51F65E65EC /* Pods-VTodayExtension.debug.xcconfig */,
				71046853E552AA1271EDD405 /* Pods-VTodayExtension.release.xcconfig */,
				F129E360753307FF651D82C3 /* Pods-VideoMarks.debug.xcconfig */,
				2D617DA9F27CF163F6AE6543 /* Pods-VideoMarks.release.xcconfig */,
				265D4E0EFAA95B8BE0BB2AE8 /* Pods-VideoMarksTests.debug.xcconfig */,
				2C7FB85A97EBA702E5C57238 /* Pods-VideoMarksTests.release.xcconfig */,
				1387A304DAC8D00D7E6D6FF6 /* Pods-VideoMarksUITests.debug.xcconfig */,
				1D07A205B8C3EB636C1A7642 /* Pods-VideoMarksUITests.release.xcconfig */,
			);
			name = Pods;
			sourceTree = "<group>";
		};
/* End PBXGroup section */

/* Begin PBXNativeTarget section */
		2F5A39011E44BBD500BA0550 /* VTodayExtension */ = {
			isa = PBXNativeTarget;
			buildConfigurationList = 2F5A390F1E44BBD500BA0550 /* Build configuration list for PBXNativeTarget "VTodayExtension" */;
			buildPhases = (
				BF71539E0F4E62D3C0D7B755 /* [CP] Check Pods Manifest.lock */,
				2F5A38FE1E44BBD500BA0550 /* Sources */,
				2F5A38FF1E44BBD500BA0550 /* Frameworks */,
				2F5A39001E44BBD500BA0550 /* Resources */,
			);
			buildRules = (
			);
			dependencies = (
			);
			name = VTodayExtension;
			productName = VTodayExtension;
			productReference = 2F5A39021E44BBD500BA0550 /* VTodayExtension.appex */;
			productType = "com.apple.product-type.app-extension";
		};
		4AD794901D0347BD008A1D2D /* VideoMarks */ = {
			isa = PBXNativeTarget;
			buildConfigurationList = 4AD794BC1D0347BD008A1D2D /* Build configuration list for PBXNativeTarget "VideoMarks" */;
			buildPhases = (
				E431B1CDE70CC03F0D1C7E83 /* [CP] Check Pods Manifest.lock */,
				4AD7948D1D0347BD008A1D2D /* Sources */,
				4AD7948E1D0347BD008A1D2D /* Frameworks */,
				4AD7948F1D0347BD008A1D2D /* Resources */,
				4AD794D81D034B4D008A1D2D /* Embed App Extensions */,
				81339FA90315212D1FBE0BA5 /* [CP] Embed Pods Frameworks */,
			);
			buildRules = (
			);
			dependencies = (
				4AD794D31D034B4D008A1D2D /* PBXTargetDependency */,
				2F5A390D1E44BBD500BA0550 /* PBXTargetDependency */,
			);
			name = VideoMarks;
			productName = VideoMarks;
			productReference = 4AD794911D0347BD008A1D2D /* VideoMarks.app */;
			productType = "com.apple.product-type.application";
		};
		4AD794A71D0347BD008A1D2D /* VideoMarksTests */ = {
			isa = PBXNativeTarget;
			buildConfigurationList = 4AD794BF1D0347BD008A1D2D /* Build configuration list for PBXNativeTarget "VideoMarksTests" */;
			buildPhases = (
				2FE843DB33F6C015D9C9191F /* [CP] Check Pods Manifest.lock */,
				4AD794A41D0347BD008A1D2D /* Sources */,
				4AD794A51D0347BD008A1D2D /* Frameworks */,
				4AD794A61D0347BD008A1D2D /* Resources */,
			);
			buildRules = (
			);
			dependencies = (
				4AD794AA1D0347BD008A1D2D /* PBXTargetDependency */,
			);
			name = VideoMarksTests;
			productName = VideoMarksTests;
			productReference = 4AD794A81D0347BD008A1D2D /* VideoMarksTests.xctest */;
			productType = "com.apple.product-type.bundle.unit-test";
		};
		4AD794B21D0347BD008A1D2D /* VideoMarksUITests */ = {
			isa = PBXNativeTarget;
			buildConfigurationList = 4AD794C21D0347BD008A1D2D /* Build configuration list for PBXNativeTarget "VideoMarksUITests" */;
			buildPhases = (
				E5A75319506D575D4DCB2781 /* [CP] Check Pods Manifest.lock */,
				4AD794AF1D0347BD008A1D2D /* Sources */,
				4AD794B01D0347BD008A1D2D /* Frameworks */,
				4AD794B11D0347BD008A1D2D /* Resources */,
			);
			buildRules = (
			);
			dependencies = (
				4AD794B51D0347BD008A1D2D /* PBXTargetDependency */,
			);
			name = VideoMarksUITests;
			productName = VideoMarksUITests;
			productReference = 4AD794B31D0347BD008A1D2D /* VideoMarksUITests.xctest */;
			productType = "com.apple.product-type.bundle.ui-testing";
		};
		4AD794C91D034B4D008A1D2D /* VExtension */ = {
			isa = PBXNativeTarget;
			buildConfigurationList = 4AD794D51D034B4D008A1D2D /* Build configuration list for PBXNativeTarget "VExtension" */;
			buildPhases = (
				6B2313A649AE641DBAA8F8A9 /* [CP] Check Pods Manifest.lock */,
				4AD794C61D034B4D008A1D2D /* Sources */,
				4AD794C71D034B4D008A1D2D /* Frameworks */,
				4AD794C81D034B4D008A1D2D /* Resources */,
			);
			buildRules = (
			);
			dependencies = (
			);
			name = VExtension;
			productName = VExtension;
			productReference = 4AD794CA1D034B4D008A1D2D /* VExtension.appex */;
			productType = "com.apple.product-type.app-extension";
		};
/* End PBXNativeTarget section */

/* Begin PBXProject section */
		4AD794891D0347BD008A1D2D /* Project object */ = {
			isa = PBXProject;
			attributes = {
				LastSwiftUpdateCheck = 0820;
				LastUpgradeCheck = 1010;
				ORGANIZATIONNAME = nevercry;
				TargetAttributes = {
					2F5A39011E44BBD500BA0550 = {
						CreatedOnToolsVersion = 8.2.1;
						DevelopmentTeam = L8463XAM23;
						LastSwiftMigration = 1020;
						ProvisioningStyle = Automatic;
					};
					4AD794901D0347BD008A1D2D = {
						CreatedOnToolsVersion = 7.3.1;
						DevelopmentTeam = L8463XAM23;
						LastSwiftMigration = 1020;
						SystemCapabilities = {
							com.apple.ApplicationGroups.iOS = {
								enabled = 1;
							};
							com.apple.BackgroundModes = {
								enabled = 1;
							};
							com.apple.InAppPurchase = {
								enabled = 0;
							};
							com.apple.iCloud = {
								enabled = 0;
							};
						};
					};
					4AD794A71D0347BD008A1D2D = {
						CreatedOnToolsVersion = 7.3.1;
						LastSwiftMigration = 1020;
						TestTargetID = 4AD794901D0347BD008A1D2D;
					};
					4AD794B21D0347BD008A1D2D = {
						CreatedOnToolsVersion = 7.3.1;
						LastSwiftMigration = 1020;
						TestTargetID = 4AD794901D0347BD008A1D2D;
					};
					4AD794C91D034B4D008A1D2D = {
						CreatedOnToolsVersion = 7.3.1;
						DevelopmentTeam = L8463XAM23;
						LastSwiftMigration = 1020;
						SystemCapabilities = {
							com.apple.ApplicationGroups.iOS = {
								enabled = 1;
							};
							com.apple.iCloud = {
								enabled = 0;
							};
						};
					};
				};
			};
			buildConfigurationList = 4AD7948C1D0347BD008A1D2D /* Build configuration list for PBXProject "VideoMarks" */;
			compatibilityVersion = "Xcode 3.2";
			developmentRegion = en;
			hasScannedForEncodings = 0;
			knownRegions = (
				en,
				Base,
				"zh-Hans",
				"zh-Hant",
				ja,
			);
			mainGroup = 4AD794881D0347BD008A1D2D;
			productRefGroup = 4AD794921D0347BD008A1D2D /* Products */;
			projectDirPath = "";
			projectRoot = "";
			targets = (
				4AD794901D0347BD008A1D2D /* VideoMarks */,
				4AD794A71D0347BD008A1D2D /* VideoMarksTests */,
				4AD794B21D0347BD008A1D2D /* VideoMarksUITests */,
				4AD794C91D034B4D008A1D2D /* VExtension */,
				2F5A39011E44BBD500BA0550 /* VTodayExtension */,
			);
		};
/* End PBXProject section */

/* Begin PBXResourcesBuildPhase section */
		2F5A39001E44BBD500BA0550 /* Resources */ = {
			isa = PBXResourcesBuildPhase;
			buildActionMask = 2147483647;
			files = (
				2FE71F631E44CA63000D892C /* InfoPlist.strings in Resources */,
				2FE71F6D1E44CD52000D892C /* Localizable.strings in Resources */,
				2F5A390A1E44BBD500BA0550 /* MainInterface.storyboard in Resources */,
			);
			runOnlyForDeploymentPostprocessing = 0;
		};
		4AD7948F1D0347BD008A1D2D /* Resources */ = {
			isa = PBXResourcesBuildPhase;
			buildActionMask = 2147483647;
			files = (
				4AD794A21D0347BD008A1D2D /* LaunchScreen.storyboard in Resources */,
				4AD4E2931D0C18770002CE90 /* Localizable.strings in Resources */,
				4AA06C5A1D3679D400504AE3 /* VideoMarkCell.xib in Resources */,
				4A68B1401D79A718001CC266 /* Assets.xcassets in Resources */,
				4A5FF03D1D747BE1002D156A /* TabTwoScenes.storyboard in Resources */,
				4AD7949A1D0347BD008A1D2D /* Main.storyboard in Resources */,
				4AD4E29A1D0C1C220002CE90 /* InfoPlist.strings in Resources */,
				2F5A38F51E44ACF700BA0550 /* TabOneScenes.storyboard in Resources */,
			);
			runOnlyForDeploymentPostprocessing = 0;
		};
		4AD794A61D0347BD008A1D2D /* Resources */ = {
			isa = PBXResourcesBuildPhase;
			buildActionMask = 2147483647;
			files = (
				2F5A38E91E44A83700BA0550 /* InfoPlist.strings in Resources */,
			);
			runOnlyForDeploymentPostprocessing = 0;
		};
		4AD794B11D0347BD008A1D2D /* Resources */ = {
			isa = PBXResourcesBuildPhase;
			buildActionMask = 2147483647;
			files = (
				2F5A38E41E44A83700BA0550 /* InfoPlist.strings in Resources */,
			);
			runOnlyForDeploymentPostprocessing = 0;
		};
		4AD794C81D034B4D008A1D2D /* Resources */ = {
			isa = PBXResourcesBuildPhase;
			buildActionMask = 2147483647;
			files = (
				4AD794D01D034B4D008A1D2D /* MainInterface.storyboard in Resources */,
				4AD4E2A91D0C21390002CE90 /* Localizable.strings in Resources */,
				4AD4E2A11D0C1FA00002CE90 /* InfoPlist.strings in Resources */,
				4A75616B1D056C6A00D76EBA /* MyJSFile.js in Resources */,
			);
			runOnlyForDeploymentPostprocessing = 0;
		};
/* End PBXResourcesBuildPhase section */

/* Begin PBXShellScriptBuildPhase section */
		2FE843DB33F6C015D9C9191F /* [CP] Check Pods Manifest.lock */ = {
			isa = PBXShellScriptBuildPhase;
			buildActionMask = 2147483647;
			files = (
			);
			inputPaths = (
				"${PODS_PODFILE_DIR_PATH}/Podfile.lock",
				"${PODS_ROOT}/Manifest.lock",
			);
			name = "[CP] Check Pods Manifest.lock";
			outputPaths = (
				"$(DERIVED_FILE_DIR)/Pods-VideoMarksTests-checkManifestLockResult.txt",
			);
			runOnlyForDeploymentPostprocessing = 0;
			shellPath = /bin/sh;
			shellScript = "diff \"${PODS_PODFILE_DIR_PATH}/Podfile.lock\" \"${PODS_ROOT}/Manifest.lock\" > /dev/null\nif [ $? != 0 ] ; then\n    # print error to STDERR\n    echo \"error: The sandbox is not in sync with the Podfile.lock. Run 'pod install' or update your CocoaPods installation.\" >&2\n    exit 1\nfi\n# This output is used by Xcode 'outputs' to avoid re-running this script phase.\necho \"SUCCESS\" > \"${SCRIPT_OUTPUT_FILE_0}\"\n";
			showEnvVarsInLog = 0;
		};
		6B2313A649AE641DBAA8F8A9 /* [CP] Check Pods Manifest.lock */ = {
			isa = PBXShellScriptBuildPhase;
			buildActionMask = 2147483647;
			files = (
			);
			inputFileListPaths = (
			);
			inputPaths = (
				"${PODS_PODFILE_DIR_PATH}/Podfile.lock",
				"${PODS_ROOT}/Manifest.lock",
			);
			name = "[CP] Check Pods Manifest.lock";
			outputFileListPaths = (
			);
			outputPaths = (
				"$(DERIVED_FILE_DIR)/Pods-VExtension-checkManifestLockResult.txt",
			);
			runOnlyForDeploymentPostprocessing = 0;
			shellPath = /bin/sh;
			shellScript = "diff \"${PODS_PODFILE_DIR_PATH}/Podfile.lock\" \"${PODS_ROOT}/Manifest.lock\" > /dev/null\nif [ $? != 0 ] ; then\n    # print error to STDERR\n    echo \"error: The sandbox is not in sync with the Podfile.lock. Run 'pod install' or update your CocoaPods installation.\" >&2\n    exit 1\nfi\n# This output is used by Xcode 'outputs' to avoid re-running this script phase.\necho \"SUCCESS\" > \"${SCRIPT_OUTPUT_FILE_0}\"\n";
			showEnvVarsInLog = 0;
		};
		81339FA90315212D1FBE0BA5 /* [CP] Embed Pods Frameworks */ = {
			isa = PBXShellScriptBuildPhase;
			buildActionMask = 2147483647;
			files = (
			);
			inputFileListPaths = (
			);
			inputPaths = (
				"${SRCROOT}/Pods/Target Support Files/Pods-VideoMarks/Pods-VideoMarks-frameworks.sh",
				"${BUILT_PRODUCTS_DIR}/Alamofire/Alamofire.framework",
				"${BUILT_PRODUCTS_DIR}/SwiftyJSON/SwiftyJSON.framework",
				"${BUILT_PRODUCTS_DIR}/ReachabilitySwift/Reachability.framework",
			);
			name = "[CP] Embed Pods Frameworks";
			outputFileListPaths = (
			);
			outputPaths = (
				"${TARGET_BUILD_DIR}/${FRAMEWORKS_FOLDER_PATH}/Alamofire.framework",
				"${TARGET_BUILD_DIR}/${FRAMEWORKS_FOLDER_PATH}/SwiftyJSON.framework",
				"${TARGET_BUILD_DIR}/${FRAMEWORKS_FOLDER_PATH}/Reachability.framework",
			);
			runOnlyForDeploymentPostprocessing = 0;
			shellPath = /bin/sh;
			shellScript = "\"${SRCROOT}/Pods/Target Support Files/Pods-VideoMarks/Pods-VideoMarks-frameworks.sh\"\n";
			showEnvVarsInLog = 0;
		};
		BF71539E0F4E62D3C0D7B755 /* [CP] Check Pods Manifest.lock */ = {
			isa = PBXShellScriptBuildPhase;
			buildActionMask = 2147483647;
			files = (
			);
			inputFileListPaths = (
			);
			inputPaths = (
				"${PODS_PODFILE_DIR_PATH}/Podfile.lock",
				"${PODS_ROOT}/Manifest.lock",
			);
			name = "[CP] Check Pods Manifest.lock";
			outputFileListPaths = (
			);
			outputPaths = (
				"$(DERIVED_FILE_DIR)/Pods-VTodayExtension-checkManifestLockResult.txt",
			);
			runOnlyForDeploymentPostprocessing = 0;
			shellPath = /bin/sh;
			shellScript = "diff \"${PODS_PODFILE_DIR_PATH}/Podfile.lock\" \"${PODS_ROOT}/Manifest.lock\" > /dev/null\nif [ $? != 0 ] ; then\n    # print error to STDERR\n    echo \"error: The sandbox is not in sync with the Podfile.lock. Run 'pod install' or update your CocoaPods installation.\" >&2\n    exit 1\nfi\n# This output is used by Xcode 'outputs' to avoid re-running this script phase.\necho \"SUCCESS\" > \"${SCRIPT_OUTPUT_FILE_0}\"\n";
			showEnvVarsInLog = 0;
		};
		E431B1CDE70CC03F0D1C7E83 /* [CP] Check Pods Manifest.lock */ = {
			isa = PBXShellScriptBuildPhase;
			buildActionMask = 2147483647;
			files = (
			);
			inputFileListPaths = (
			);
			inputPaths = (
				"${PODS_PODFILE_DIR_PATH}/Podfile.lock",
				"${PODS_ROOT}/Manifest.lock",
			);
			name = "[CP] Check Pods Manifest.lock";
			outputFileListPaths = (
			);
			outputPaths = (
				"$(DERIVED_FILE_DIR)/Pods-VideoMarks-checkManifestLockResult.txt",
			);
			runOnlyForDeploymentPostprocessing = 0;
			shellPath = /bin/sh;
			shellScript = "diff \"${PODS_PODFILE_DIR_PATH}/Podfile.lock\" \"${PODS_ROOT}/Manifest.lock\" > /dev/null\nif [ $? != 0 ] ; then\n    # print error to STDERR\n    echo \"error: The sandbox is not in sync with the Podfile.lock. Run 'pod install' or update your CocoaPods installation.\" >&2\n    exit 1\nfi\n# This output is used by Xcode 'outputs' to avoid re-running this script phase.\necho \"SUCCESS\" > \"${SCRIPT_OUTPUT_FILE_0}\"\n";
			showEnvVarsInLog = 0;
		};
		E5A75319506D575D4DCB2781 /* [CP] Check Pods Manifest.lock */ = {
			isa = PBXShellScriptBuildPhase;
			buildActionMask = 2147483647;
			files = (
			);
			inputFileListPaths = (
			);
			inputPaths = (
				"${PODS_PODFILE_DIR_PATH}/Podfile.lock",
				"${PODS_ROOT}/Manifest.lock",
			);
			name = "[CP] Check Pods Manifest.lock";
			outputFileListPaths = (
			);
			outputPaths = (
				"$(DERIVED_FILE_DIR)/Pods-VideoMarksUITests-checkManifestLockResult.txt",
			);
			runOnlyForDeploymentPostprocessing = 0;
			shellPath = /bin/sh;
			shellScript = "diff \"${PODS_PODFILE_DIR_PATH}/Podfile.lock\" \"${PODS_ROOT}/Manifest.lock\" > /dev/null\nif [ $? != 0 ] ; then\n    # print error to STDERR\n    echo \"error: The sandbox is not in sync with the Podfile.lock. Run 'pod install' or update your CocoaPods installation.\" >&2\n    exit 1\nfi\n# This output is used by Xcode 'outputs' to avoid re-running this script phase.\necho \"SUCCESS\" > \"${SCRIPT_OUTPUT_FILE_0}\"\n";
			showEnvVarsInLog = 0;
		};
/* End PBXShellScriptBuildPhase section */

/* Begin PBXSourcesBuildPhase section */
		2F5A38FE1E44BBD500BA0550 /* Sources */ = {
			isa = PBXSourcesBuildPhase;
			buildActionMask = 2147483647;
			files = (
				2F5A39071E44BBD500BA0550 /* TodayViewController.swift in Sources */,
			);
			runOnlyForDeploymentPostprocessing = 0;
		};
		4AD7948D1D0347BD008A1D2D /* Sources */ = {
			isa = PBXSourcesBuildPhase;
			buildActionMask = 2147483647;
			files = (
				2FA88D471E3F3CAF00F26BE6 /* TaskManager.swift in Sources */,
				2FA88D331E3F31FF00F26BE6 /* VideoMarks.xcdatamodeld in Sources */,
				4AA06C591D3679D400504AE3 /* VideoMarkCell.swift in Sources */,
				2FA88D311E3F31FF00F26BE6 /* Video.swift in Sources */,
				2FA88D461E3F3CAF00F26BE6 /* MemoryCache.swift in Sources */,
				2FA88D3E1E3F360600F26BE6 /* UICollectionView+extension.swift in Sources */,
				4AA06C5C1D368E9C00504AE3 /* PhotosTVC.swift in Sources */,
				4AA06C631D36F69E00504AE3 /* GirdViewCell.swift in Sources */,
				2FA88D2B1E3F31FF00F26BE6 /* Image.swift in Sources */,
				2FA88D391E3F355200F26BE6 /* ArrayDataSource.swift in Sources */,
				4A5CFDA21D07FCFA004C2C64 /* VideoMarksTVC.swift in Sources */,
				4A2EB6831D462C9600019FAC /* DownloadViewCell.swift in Sources */,
				4AA06C671D37AA6700504AE3 /* PlayerController.swift in Sources */,
				2FA88D3F1E3F360600F26BE6 /* UIImage+extension.swift in Sources */,
				4AA184EF1D11E16800A348E7 /* VideoDetailTVC.swift in Sources */,
				2FA88D321E3F31FF00F26BE6 /* Video+CoreDataProperties.swift in Sources */,
				2FA88D2E1E3F31FF00F26BE6 /* NSManagedObject+Extension.swift in Sources */,
				2FA88D451E3F3CAF00F26BE6 /* HLSPlayListParser.swift in Sources */,
				2FA88D411E3F361D00F26BE6 /* VideoMarksConstants.swift in Sources */,
				4AA06C5E1D36EBFA00504AE3 /* AssetGirdVC.swift in Sources */,
				4A5CFDA01D060D6D004C2C64 /* DataController.swift in Sources */,
				2FA88D291E3F31FF00F26BE6 /* DownloadTask.swift in Sources */,
				2FA88D3D1E3F360600F26BE6 /* NSIndexSet+extension.swift in Sources */,
				2F5A38E01E446FA100BA0550 /* SystemConfigHelper.swift in Sources */,
				2FA88D2F1E3F31FF00F26BE6 /* OpenSafariActivity.swift in Sources */,
				4AA184F11D11F12A00A348E7 /* VideoDetailCell.swift in Sources */,
				4AD794951D0347BD008A1D2D /* AppDelegate.swift in Sources */,
				2FA88D2C1E3F31FF00F26BE6 /* Image+CoreDataProperties.swift in Sources */,
				2F5A38DC1E44551200BA0550 /* SwitchSettingCell.swift in Sources */,
			);
			runOnlyForDeploymentPostprocessing = 0;
		};
		4AD794A41D0347BD008A1D2D /* Sources */ = {
			isa = PBXSourcesBuildPhase;
			buildActionMask = 2147483647;
			files = (
				4AD794AD1D0347BD008A1D2D /* VideoMarksTests.swift in Sources */,
			);
			runOnlyForDeploymentPostprocessing = 0;
		};
		4AD794AF1D0347BD008A1D2D /* Sources */ = {
			isa = PBXSourcesBuildPhase;
			buildActionMask = 2147483647;
			files = (
				4AD794B81D0347BD008A1D2D /* VideoMarksUITests.swift in Sources */,
			);
			runOnlyForDeploymentPostprocessing = 0;
		};
		4AD794C61D034B4D008A1D2D /* Sources */ = {
			isa = PBXSourcesBuildPhase;
			buildActionMask = 2147483647;
			files = (
				4AD794CD1D034B4D008A1D2D /* ShareViewController.swift in Sources */,
			);
			runOnlyForDeploymentPostprocessing = 0;
		};
/* End PBXSourcesBuildPhase section */

/* Begin PBXTargetDependency section */
		2F5A390D1E44BBD500BA0550 /* PBXTargetDependency */ = {
			isa = PBXTargetDependency;
			target = 2F5A39011E44BBD500BA0550 /* VTodayExtension */;
			targetProxy = 2F5A390C1E44BBD500BA0550 /* PBXContainerItemProxy */;
		};
		4AD794AA1D0347BD008A1D2D /* PBXTargetDependency */ = {
			isa = PBXTargetDependency;
			target = 4AD794901D0347BD008A1D2D /* VideoMarks */;
			targetProxy = 4AD794A91D0347BD008A1D2D /* PBXContainerItemProxy */;
		};
		4AD794B51D0347BD008A1D2D /* PBXTargetDependency */ = {
			isa = PBXTargetDependency;
			target = 4AD794901D0347BD008A1D2D /* VideoMarks */;
			targetProxy = 4AD794B41D0347BD008A1D2D /* PBXContainerItemProxy */;
		};
		4AD794D31D034B4D008A1D2D /* PBXTargetDependency */ = {
			isa = PBXTargetDependency;
			target = 4AD794C91D034B4D008A1D2D /* VExtension */;
			targetProxy = 4AD794D21D034B4D008A1D2D /* PBXContainerItemProxy */;
		};
/* End PBXTargetDependency section */

/* Begin PBXVariantGroup section */
		2F5A38E61E44A83700BA0550 /* InfoPlist.strings */ = {
			isa = PBXVariantGroup;
			children = (
				2F5A38E51E44A83700BA0550 /* zh-Hant */,
				2F5A38ED1E44A8D500BA0550 /* ja */,
				2F5A38F01E44A8F500BA0550 /* zh-Hans */,
			);
			name = InfoPlist.strings;
			sourceTree = "<group>";
		};
		2F5A38EB1E44A83700BA0550 /* InfoPlist.strings */ = {
			isa = PBXVariantGroup;
			children = (
				2F5A38EA1E44A83700BA0550 /* zh-Hant */,
				2F5A38EE1E44A8D500BA0550 /* ja */,
				2F5A38F11E44A8F500BA0550 /* zh-Hans */,
			);
			name = InfoPlist.strings;
			sourceTree = "<group>";
		};
		2F5A38F71E44ACF700BA0550 /* TabOneScenes.storyboard */ = {
			isa = PBXVariantGroup;
			children = (
				2F5A38F61E44ACF700BA0550 /* Base */,
				2F5A38F91E44AD0400BA0550 /* zh-Hans */,
				2F5A38FB1E44AD0500BA0550 /* zh-Hant */,
				2F5A38FD1E44AD0600BA0550 /* ja */,
			);
			name = TabOneScenes.storyboard;
			sourceTree = "<group>";
		};
		2F5A39081E44BBD500BA0550 /* MainInterface.storyboard */ = {
			isa = PBXVariantGroup;
			children = (
				2F5A39091E44BBD500BA0550 /* Base */,
				2FE71F701E44CD52000D892C /* ja */,
				2FE71F721E44CD69000D892C /* zh-Hans */,
				2FE71F741E44CD7A000D892C /* zh-Hant */,
			);
			name = MainInterface.storyboard;
			sourceTree = "<group>";
		};
		2FE71F651E44CA63000D892C /* InfoPlist.strings */ = {
			isa = PBXVariantGroup;
			children = (
				2FE71F671E44CAD2000D892C /* zh-Hans */,
				2FE71F681E44CAD3000D892C /* zh-Hant */,
				2FE71F691E44CAD4000D892C /* ja */,
				2FE71F6A1E44CADB000D892C /* en */,
			);
			name = InfoPlist.strings;
			sourceTree = "<group>";
		};
		2FE71F6F1E44CD52000D892C /* Localizable.strings */ = {
			isa = PBXVariantGroup;
			children = (
				2FE71F6E1E44CD52000D892C /* ja */,
				2FE71F711E44CD69000D892C /* zh-Hans */,
				2FE71F731E44CD79000D892C /* zh-Hant */,
			);
			name = Localizable.strings;
			sourceTree = "<group>";
		};
		4A5FF03B1D747BE1002D156A /* TabTwoScenes.storyboard */ = {
			isa = PBXVariantGroup;
			children = (
				4A5FF03C1D747BE1002D156A /* Base */,
				2F5A38E11E44A83600BA0550 /* zh-Hant */,
				2F5A38EC1E44A8D500BA0550 /* ja */,
				2F5A38EF1E44A8F400BA0550 /* zh-Hans */,
			);
			name = TabTwoScenes.storyboard;
			sourceTree = "<group>";
		};
		4AD4E2951D0C18770002CE90 /* Localizable.strings */ = {
			isa = PBXVariantGroup;
			children = (
				4AD4E2941D0C18770002CE90 /* zh-Hans */,
				4AD4E2961D0C19240002CE90 /* en */,
				4A8777251D22637600BB92C5 /* zh-Hant */,
				4A87772C1D22638A00BB92C5 /* ja */,
			);
			name = Localizable.strings;
			sourceTree = "<group>";
		};
		4AD4E29C1D0C1C220002CE90 /* InfoPlist.strings */ = {
			isa = PBXVariantGroup;
			children = (
				4AD4E29B1D0C1C220002CE90 /* zh-Hans */,
				4AD4E29D1D0C1C260002CE90 /* en */,
				4A8777241D22637600BB92C5 /* zh-Hant */,
				4A87772B1D22638A00BB92C5 /* ja */,
			);
			name = InfoPlist.strings;
			sourceTree = "<group>";
		};
		4AD4E2A31D0C1FA00002CE90 /* InfoPlist.strings */ = {
			isa = PBXVariantGroup;
			children = (
				4AD4E2A21D0C1FA00002CE90 /* zh-Hans */,
				4AD4E2A41D0C1FAE0002CE90 /* en */,
				4A8777271D22637600BB92C5 /* zh-Hant */,
				4A87772E1D22638A00BB92C5 /* ja */,
			);
			name = InfoPlist.strings;
			sourceTree = "<group>";
		};
		4AD4E2AB1D0C21390002CE90 /* Localizable.strings */ = {
			isa = PBXVariantGroup;
			children = (
				4AD4E2AA1D0C21390002CE90 /* en */,
				4AD4E2AC1D0C213D0002CE90 /* zh-Hans */,
				4A8777261D22637600BB92C5 /* zh-Hant */,
				4A87772D1D22638A00BB92C5 /* ja */,
			);
			name = Localizable.strings;
			sourceTree = "<group>";
		};
		4AD794981D0347BD008A1D2D /* Main.storyboard */ = {
			isa = PBXVariantGroup;
			children = (
				4AD794991D0347BD008A1D2D /* Base */,
				4AEB09CB1D4BCBD100545A66 /* zh-Hans */,
				4AEB09CD1D4BCBDA00545A66 /* zh-Hant */,
				4AEB09CF1D4BCBE300545A66 /* ja */,
			);
			name = Main.storyboard;
			sourceTree = "<group>";
		};
		4AD794A01D0347BD008A1D2D /* LaunchScreen.storyboard */ = {
			isa = PBXVariantGroup;
			children = (
				4AD794A11D0347BD008A1D2D /* Base */,
				4A07AE741D08A5C600935701 /* zh-Hans */,
				4A8777221D22637500BB92C5 /* zh-Hant */,
				4A8777291D22638A00BB92C5 /* ja */,
			);
			name = LaunchScreen.storyboard;
			sourceTree = "<group>";
		};
		4AD794CE1D034B4D008A1D2D /* MainInterface.storyboard */ = {
			isa = PBXVariantGroup;
			children = (
				4AD794CF1D034B4D008A1D2D /* Base */,
				4A07AE751D08A5C600935701 /* zh-Hans */,
				4A8777231D22637500BB92C5 /* zh-Hant */,
				4A87772A1D22638A00BB92C5 /* ja */,
			);
			name = MainInterface.storyboard;
			sourceTree = "<group>";
		};
/* End PBXVariantGroup section */

/* Begin XCBuildConfiguration section */
		2F5A39101E44BBD500BA0550 /* Debug */ = {
			isa = XCBuildConfiguration;
			baseConfigurationReference = 26E90BFE71385B51F65E65EC /* Pods-VTodayExtension.debug.xcconfig */;
			buildSettings = {
				CLANG_WARN_DOCUMENTATION_COMMENTS = YES;
				CODE_SIGN_IDENTITY = "iPhone Developer";
				DEVELOPMENT_TEAM = L8463XAM23;
				INFOPLIST_FILE = VTodayExtension/Info.plist;
				IPHONEOS_DEPLOYMENT_TARGET = 10.2;
				LD_RUNPATH_SEARCH_PATHS = "$(inherited) @executable_path/Frameworks @executable_path/../../Frameworks";
				PRODUCT_BUNDLE_IDENTIFIER = com.nevercry.VideoMarks.VTodayExtension;
				PRODUCT_NAME = "$(TARGET_NAME)";
				SKIP_INSTALL = YES;
				SWIFT_ACTIVE_COMPILATION_CONDITIONS = DEBUG;
				SWIFT_VERSION = 5.0;
			};
			name = Debug;
		};
		2F5A39111E44BBD500BA0550 /* Release */ = {
			isa = XCBuildConfiguration;
			baseConfigurationReference = 71046853E552AA1271EDD405 /* Pods-VTodayExtension.release.xcconfig */;
			buildSettings = {
				CLANG_WARN_DOCUMENTATION_COMMENTS = YES;
				CODE_SIGN_IDENTITY = "iPhone Developer";
				DEVELOPMENT_TEAM = L8463XAM23;
				INFOPLIST_FILE = VTodayExtension/Info.plist;
				IPHONEOS_DEPLOYMENT_TARGET = 10.2;
				LD_RUNPATH_SEARCH_PATHS = "$(inherited) @executable_path/Frameworks @executable_path/../../Frameworks";
				PRODUCT_BUNDLE_IDENTIFIER = com.nevercry.VideoMarks.VTodayExtension;
				PRODUCT_NAME = "$(TARGET_NAME)";
				SKIP_INSTALL = YES;
				SWIFT_VERSION = 5.0;
			};
			name = Release;
		};
		4AD794BA1D0347BD008A1D2D /* Debug */ = {
			isa = XCBuildConfiguration;
			buildSettings = {
				ALWAYS_SEARCH_USER_PATHS = NO;
				CLANG_ANALYZER_LOCALIZABILITY_NONLOCALIZED = YES;
				CLANG_ANALYZER_NONNULL = YES;
				CLANG_CXX_LANGUAGE_STANDARD = "gnu++0x";
				CLANG_CXX_LIBRARY = "libc++";
				CLANG_ENABLE_MODULES = YES;
				CLANG_ENABLE_OBJC_ARC = YES;
				CLANG_WARN_BLOCK_CAPTURE_AUTORELEASING = YES;
				CLANG_WARN_BOOL_CONVERSION = YES;
				CLANG_WARN_COMMA = YES;
				CLANG_WARN_CONSTANT_CONVERSION = YES;
				CLANG_WARN_DEPRECATED_OBJC_IMPLEMENTATIONS = YES;
				CLANG_WARN_DIRECT_OBJC_ISA_USAGE = YES_ERROR;
				CLANG_WARN_EMPTY_BODY = YES;
				CLANG_WARN_ENUM_CONVERSION = YES;
				CLANG_WARN_INFINITE_RECURSION = YES;
				CLANG_WARN_INT_CONVERSION = YES;
				CLANG_WARN_NON_LITERAL_NULL_CONVERSION = YES;
				CLANG_WARN_OBJC_IMPLICIT_RETAIN_SELF = YES;
				CLANG_WARN_OBJC_LITERAL_CONVERSION = YES;
				CLANG_WARN_OBJC_ROOT_CLASS = YES_ERROR;
				CLANG_WARN_RANGE_LOOP_ANALYSIS = YES;
				CLANG_WARN_STRICT_PROTOTYPES = YES;
				CLANG_WARN_SUSPICIOUS_MOVE = YES;
				CLANG_WARN_UNREACHABLE_CODE = YES;
				CLANG_WARN__DUPLICATE_METHOD_MATCH = YES;
				"CODE_SIGN_IDENTITY[sdk=iphoneos*]" = "iPhone Developer";
				COPY_PHASE_STRIP = NO;
				DEBUG_INFORMATION_FORMAT = dwarf;
				ENABLE_STRICT_OBJC_MSGSEND = YES;
				ENABLE_TESTABILITY = YES;
				GCC_C_LANGUAGE_STANDARD = gnu99;
				GCC_DYNAMIC_NO_PIC = NO;
				GCC_NO_COMMON_BLOCKS = YES;
				GCC_OPTIMIZATION_LEVEL = 0;
				GCC_PREPROCESSOR_DEFINITIONS = (
					"DEBUG=1",
					"$(inherited)",
				);
				GCC_WARN_64_TO_32_BIT_CONVERSION = YES;
				GCC_WARN_ABOUT_RETURN_TYPE = YES_ERROR;
				GCC_WARN_UNDECLARED_SELECTOR = YES;
				GCC_WARN_UNINITIALIZED_AUTOS = YES_AGGRESSIVE;
				GCC_WARN_UNUSED_FUNCTION = YES;
				GCC_WARN_UNUSED_VARIABLE = YES;
				IPHONEOS_DEPLOYMENT_TARGET = 9.3;
				MTL_ENABLE_DEBUG_INFO = YES;
				ONLY_ACTIVE_ARCH = YES;
				SDKROOT = iphoneos;
				SWIFT_OPTIMIZATION_LEVEL = "-Onone";
				TARGETED_DEVICE_FAMILY = "1,2";
			};
			name = Debug;
		};
		4AD794BB1D0347BD008A1D2D /* Release */ = {
			isa = XCBuildConfiguration;
			buildSettings = {
				ALWAYS_SEARCH_USER_PATHS = NO;
				CLANG_ANALYZER_LOCALIZABILITY_NONLOCALIZED = YES;
				CLANG_ANALYZER_NONNULL = YES;
				CLANG_CXX_LANGUAGE_STANDARD = "gnu++0x";
				CLANG_CXX_LIBRARY = "libc++";
				CLANG_ENABLE_MODULES = YES;
				CLANG_ENABLE_OBJC_ARC = YES;
				CLANG_WARN_BLOCK_CAPTURE_AUTORELEASING = YES;
				CLANG_WARN_BOOL_CONVERSION = YES;
				CLANG_WARN_COMMA = YES;
				CLANG_WARN_CONSTANT_CONVERSION = YES;
				CLANG_WARN_DEPRECATED_OBJC_IMPLEMENTATIONS = YES;
				CLANG_WARN_DIRECT_OBJC_ISA_USAGE = YES_ERROR;
				CLANG_WARN_EMPTY_BODY = YES;
				CLANG_WARN_ENUM_CONVERSION = YES;
				CLANG_WARN_INFINITE_RECURSION = YES;
				CLANG_WARN_INT_CONVERSION = YES;
				CLANG_WARN_NON_LITERAL_NULL_CONVERSION = YES;
				CLANG_WARN_OBJC_IMPLICIT_RETAIN_SELF = YES;
				CLANG_WARN_OBJC_LITERAL_CONVERSION = YES;
				CLANG_WARN_OBJC_ROOT_CLASS = YES_ERROR;
				CLANG_WARN_RANGE_LOOP_ANALYSIS = YES;
				CLANG_WARN_STRICT_PROTOTYPES = YES;
				CLANG_WARN_SUSPICIOUS_MOVE = YES;
				CLANG_WARN_UNREACHABLE_CODE = YES;
				CLANG_WARN__DUPLICATE_METHOD_MATCH = YES;
				"CODE_SIGN_IDENTITY[sdk=iphoneos*]" = "iPhone Developer";
				COPY_PHASE_STRIP = NO;
				DEBUG_INFORMATION_FORMAT = "dwarf-with-dsym";
				ENABLE_NS_ASSERTIONS = NO;
				ENABLE_STRICT_OBJC_MSGSEND = YES;
				GCC_C_LANGUAGE_STANDARD = gnu99;
				GCC_NO_COMMON_BLOCKS = YES;
				GCC_WARN_64_TO_32_BIT_CONVERSION = YES;
				GCC_WARN_ABOUT_RETURN_TYPE = YES_ERROR;
				GCC_WARN_UNDECLARED_SELECTOR = YES;
				GCC_WARN_UNINITIALIZED_AUTOS = YES_AGGRESSIVE;
				GCC_WARN_UNUSED_FUNCTION = YES;
				GCC_WARN_UNUSED_VARIABLE = YES;
				IPHONEOS_DEPLOYMENT_TARGET = 9.3;
				MTL_ENABLE_DEBUG_INFO = NO;
				SDKROOT = iphoneos;
				SWIFT_OPTIMIZATION_LEVEL = "-Owholemodule";
				TARGETED_DEVICE_FAMILY = "1,2";
				VALIDATE_PRODUCT = YES;
			};
			name = Release;
		};
		4AD794BD1D0347BD008A1D2D /* Debug */ = {
			isa = XCBuildConfiguration;
			baseConfigurationReference = F129E360753307FF651D82C3 /* Pods-VideoMarks.debug.xcconfig */;
			buildSettings = {
				ALWAYS_EMBED_SWIFT_STANDARD_LIBRARIES = YES;
				ASSETCATALOG_COMPILER_APPICON_NAME = AppIcon;
				CLANG_ENABLE_MODULES = YES;
				CODE_SIGN_ENTITLEMENTS = VideoMarks/VideoMarks.entitlements;
				CODE_SIGN_IDENTITY = "iPhone Developer";
				CURRENT_PROJECT_VERSION = 22;
				DEVELOPMENT_TEAM = L8463XAM23;
				FRAMEWORK_SEARCH_PATHS = (
					"$(inherited)",
					"$(PROJECT_DIR)",
					"$(PROJECT_DIR)/VideoMarks",
				);
				INFOPLIST_FILE = VideoMarks/Info.plist;
				LD_RUNPATH_SEARCH_PATHS = "$(inherited) @executable_path/Frameworks";
				PRODUCT_BUNDLE_IDENTIFIER = com.nevercry.VideoMarks;
				PRODUCT_NAME = "$(TARGET_NAME)";
				SWIFT_OBJC_BRIDGING_HEADER = "VideoMarks/VideoMarks-Bridging-Header.h";
				SWIFT_OPTIMIZATION_LEVEL = "-Onone";
				SWIFT_VERSION = 5.0;
				VERSIONING_SYSTEM = "apple-generic";
			};
			name = Debug;
		};
		4AD794BE1D0347BD008A1D2D /* Release */ = {
			isa = XCBuildConfiguration;
			baseConfigurationReference = 2D617DA9F27CF163F6AE6543 /* Pods-VideoMarks.release.xcconfig */;
			buildSettings = {
				ALWAYS_EMBED_SWIFT_STANDARD_LIBRARIES = YES;
				ASSETCATALOG_COMPILER_APPICON_NAME = AppIcon;
				CLANG_ENABLE_MODULES = YES;
				CODE_SIGN_ENTITLEMENTS = VideoMarks/VideoMarks.entitlements;
				CODE_SIGN_IDENTITY = "iPhone Developer";
				CURRENT_PROJECT_VERSION = 22;
				DEVELOPMENT_TEAM = L8463XAM23;
				FRAMEWORK_SEARCH_PATHS = (
					"$(inherited)",
					"$(PROJECT_DIR)",
					"$(PROJECT_DIR)/VideoMarks",
				);
				INFOPLIST_FILE = VideoMarks/Info.plist;
				LD_RUNPATH_SEARCH_PATHS = "$(inherited) @executable_path/Frameworks";
				PRODUCT_BUNDLE_IDENTIFIER = com.nevercry.VideoMarks;
				PRODUCT_NAME = "$(TARGET_NAME)";
				SWIFT_OBJC_BRIDGING_HEADER = "VideoMarks/VideoMarks-Bridging-Header.h";
				SWIFT_VERSION = 5.0;
				VERSIONING_SYSTEM = "apple-generic";
			};
			name = Release;
		};
		4AD794C01D0347BD008A1D2D /* Debug */ = {
			isa = XCBuildConfiguration;
			baseConfigurationReference = 265D4E0EFAA95B8BE0BB2AE8 /* Pods-VideoMarksTests.debug.xcconfig */;
			buildSettings = {
				BUNDLE_LOADER = "$(TEST_HOST)";
				INFOPLIST_FILE = VideoMarksTests/Info.plist;
				LD_RUNPATH_SEARCH_PATHS = "$(inherited) @executable_path/Frameworks @loader_path/Frameworks";
				PRODUCT_BUNDLE_IDENTIFIER = com.nevercry.VideoMarksTests;
				PRODUCT_NAME = "$(TARGET_NAME)";
				SWIFT_VERSION = 5.0;
				TEST_HOST = "$(BUILT_PRODUCTS_DIR)/VideoMarks.app/VideoMarks";
			};
			name = Debug;
		};
		4AD794C11D0347BD008A1D2D /* Release */ = {
			isa = XCBuildConfiguration;
			baseConfigurationReference = 2C7FB85A97EBA702E5C57238 /* Pods-VideoMarksTests.release.xcconfig */;
			buildSettings = {
				BUNDLE_LOADER = "$(TEST_HOST)";
				INFOPLIST_FILE = VideoMarksTests/Info.plist;
				LD_RUNPATH_SEARCH_PATHS = "$(inherited) @executable_path/Frameworks @loader_path/Frameworks";
				PRODUCT_BUNDLE_IDENTIFIER = com.nevercry.VideoMarksTests;
				PRODUCT_NAME = "$(TARGET_NAME)";
				SWIFT_VERSION = 5.0;
				TEST_HOST = "$(BUILT_PRODUCTS_DIR)/VideoMarks.app/VideoMarks";
			};
			name = Release;
		};
		4AD794C31D0347BD008A1D2D /* Debug */ = {
			isa = XCBuildConfiguration;
			baseConfigurationReference = 1387A304DAC8D00D7E6D6FF6 /* Pods-VideoMarksUITests.debug.xcconfig */;
			buildSettings = {
				INFOPLIST_FILE = VideoMarksUITests/Info.plist;
				LD_RUNPATH_SEARCH_PATHS = "$(inherited) @executable_path/Frameworks @loader_path/Frameworks";
				PRODUCT_BUNDLE_IDENTIFIER = com.nevercry.VideoMarksUITests;
				PRODUCT_NAME = "$(TARGET_NAME)";
				SWIFT_VERSION = 5.0;
				TEST_TARGET_NAME = VideoMarks;
			};
			name = Debug;
		};
		4AD794C41D0347BD008A1D2D /* Release */ = {
			isa = XCBuildConfiguration;
			baseConfigurationReference = 1D07A205B8C3EB636C1A7642 /* Pods-VideoMarksUITests.release.xcconfig */;
			buildSettings = {
				INFOPLIST_FILE = VideoMarksUITests/Info.plist;
				LD_RUNPATH_SEARCH_PATHS = "$(inherited) @executable_path/Frameworks @loader_path/Frameworks";
				PRODUCT_BUNDLE_IDENTIFIER = com.nevercry.VideoMarksUITests;
				PRODUCT_NAME = "$(TARGET_NAME)";
				SWIFT_VERSION = 5.0;
				TEST_TARGET_NAME = VideoMarks;
			};
			name = Release;
		};
		4AD794D61D034B4D008A1D2D /* Debug */ = {
			isa = XCBuildConfiguration;
			baseConfigurationReference = 71018F0F46D8180538580FCF /* Pods-VExtension.debug.xcconfig */;
			buildSettings = {
				CODE_SIGN_ENTITLEMENTS = VExtension/VExtension.entitlements;
				CODE_SIGN_IDENTITY = "iPhone Developer";
				CURRENT_PROJECT_VERSION = 22;
				DEVELOPMENT_TEAM = L8463XAM23;
				FRAMEWORK_SEARCH_PATHS = "$(inherited)";
				INFOPLIST_FILE = VExtension/Info.plist;
				LD_RUNPATH_SEARCH_PATHS = "$(inherited) @executable_path/Frameworks @executable_path/../../Frameworks";
				PRODUCT_BUNDLE_IDENTIFIER = com.nevercry.VideoMarks.VExtension;
				PRODUCT_NAME = "$(TARGET_NAME)";
				SKIP_INSTALL = YES;
				SWIFT_VERSION = 5.0;
				VERSIONING_SYSTEM = "apple-generic";
			};
			name = Debug;
		};
		4AD794D71D034B4D008A1D2D /* Release */ = {
			isa = XCBuildConfiguration;
			baseConfigurationReference = 8F1470AEAFF05A4416568D7B /* Pods-VExtension.release.xcconfig */;
			buildSettings = {
				CODE_SIGN_ENTITLEMENTS = VExtension/VExtension.entitlements;
				CODE_SIGN_IDENTITY = "iPhone Developer";
				CURRENT_PROJECT_VERSION = 22;
				DEVELOPMENT_TEAM = L8463XAM23;
				FRAMEWORK_SEARCH_PATHS = "$(inherited)";
				INFOPLIST_FILE = VExtension/Info.plist;
				LD_RUNPATH_SEARCH_PATHS = "$(inherited) @executable_path/Frameworks @executable_path/../../Frameworks";
				PRODUCT_BUNDLE_IDENTIFIER = com.nevercry.VideoMarks.VExtension;
				PRODUCT_NAME = "$(TARGET_NAME)";
				SKIP_INSTALL = YES;
				SWIFT_VERSION = 5.0;
				VERSIONING_SYSTEM = "apple-generic";
			};
			name = Release;
		};
/* End XCBuildConfiguration section */

/* Begin XCConfigurationList section */
		2F5A390F1E44BBD500BA0550 /* Build configuration list for PBXNativeTarget "VTodayExtension" */ = {
			isa = XCConfigurationList;
			buildConfigurations = (
				2F5A39101E44BBD500BA0550 /* Debug */,
				2F5A39111E44BBD500BA0550 /* Release */,
			);
			defaultConfigurationIsVisible = 0;
			defaultConfigurationName = Release;
		};
		4AD7948C1D0347BD008A1D2D /* Build configuration list for PBXProject "VideoMarks" */ = {
			isa = XCConfigurationList;
			buildConfigurations = (
				4AD794BA1D0347BD008A1D2D /* Debug */,
				4AD794BB1D0347BD008A1D2D /* Release */,
			);
			defaultConfigurationIsVisible = 0;
			defaultConfigurationName = Release;
		};
		4AD794BC1D0347BD008A1D2D /* Build configuration list for PBXNativeTarget "VideoMarks" */ = {
			isa = XCConfigurationList;
			buildConfigurations = (
				4AD794BD1D0347BD008A1D2D /* Debug */,
				4AD794BE1D0347BD008A1D2D /* Release */,
			);
			defaultConfigurationIsVisible = 0;
			defaultConfigurationName = Release;
		};
		4AD794BF1D0347BD008A1D2D /* Build configuration list for PBXNativeTarget "VideoMarksTests" */ = {
			isa = XCConfigurationList;
			buildConfigurations = (
				4AD794C01D0347BD008A1D2D /* Debug */,
				4AD794C11D0347BD008A1D2D /* Release */,
			);
			defaultConfigurationIsVisible = 0;
			defaultConfigurationName = Release;
		};
		4AD794C21D0347BD008A1D2D /* Build configuration list for PBXNativeTarget "VideoMarksUITests" */ = {
			isa = XCConfigurationList;
			buildConfigurations = (
				4AD794C31D0347BD008A1D2D /* Debug */,
				4AD794C41D0347BD008A1D2D /* Release */,
			);
			defaultConfigurationIsVisible = 0;
			defaultConfigurationName = Release;
		};
		4AD794D51D034B4D008A1D2D /* Build configuration list for PBXNativeTarget "VExtension" */ = {
			isa = XCConfigurationList;
			buildConfigurations = (
				4AD794D61D034B4D008A1D2D /* Debug */,
				4AD794D71D034B4D008A1D2D /* Release */,
			);
			defaultConfigurationIsVisible = 0;
			defaultConfigurationName = Release;
		};
/* End XCConfigurationList section */

/* Begin XCVersionGroup section */
		2FA88D271E3F31FF00F26BE6 /* VideoMarks.xcdatamodeld */ = {
			isa = XCVersionGroup;
			children = (
				2FA88D281E3F31FF00F26BE6 /* VideoMarks.xcdatamodel */,
			);
			currentVersion = 2FA88D281E3F31FF00F26BE6 /* VideoMarks.xcdatamodel */;
			path = VideoMarks.xcdatamodeld;
			sourceTree = "<group>";
			versionGroupType = wrapper.xcdatamodel;
		};
/* End XCVersionGroup section */
	};
	rootObject = 4AD794891D0347BD008A1D2D /* Project object */;
}
