PODS:
  - Alamofire (4.7.3)
  - ReachabilitySwift (4.3.0)
  - SwiftyJSON (5.0.0)

DEPENDENCIES:
  - Alamofire (~> 4.7)
  - ReachabilitySwift
  - SwiftyJSON (~> 5.0)

SPEC REPOS:
  https://github.com/cocoapods/specs.git:
    - Alamofire
    - ReachabilitySwift
    - SwiftyJSON

SPEC CHECKSUMS:
  Alamofire: c7287b6e5d7da964a70935e5db17046b7fde6568
  ReachabilitySwift: 408477d1b6ed9779dba301953171e017c31241f3
  SwiftyJSON: 36413e04c44ee145039d332b4f4e2d3e8d6c4db7

PODFILE CHECKSUM: 2d21f5fde7dbc902fbc6db124ee52a12c8f27a38

COCOAPODS: 1.5.3
